// !$*UTF8*$!
{
	archiveVersion = 1;
	classes = {
	};
	objectVersion = 55;
	objects = {

/* Begin PBXBuildFile section */
		688035EB287916F300DC9047 /* FrequencyControlView.swift in Sources */ = {isa = PBXBuildFile; fileRef = 688035EA287916F300DC9047 /* FrequencyControlView.swift */; };
		68C0E0F02879B659008469A4 /* PlayTime.swift in Sources */ = {isa = PBXBuildFile; fileRef = 68C0E0EF2879B659008469A4 /* PlayTime.swift */; };
		68E116D92872B82B00E962FD /* RecordViewController.swift in Sources */ = {isa = PBXBuildFile; fileRef = 68E116D82872B82B00E962FD /* RecordViewController.swift */; };
		68F5662C286BD2FC0068A5CE /* FirebaseStorage in Frameworks */ = {isa = PBXBuildFile; productRef = 68F5662B286BD2FC0068A5CE /* FirebaseStorage */; };
		68F5665C286ED6560068A5CE /* GoogleService-Info.plist in Resources */ = {isa = PBXBuildFile; fileRef = 68F5665B286ED6560068A5CE /* GoogleService-Info.plist */; };
		DE15E65C28604278003DD2F5 /* AppDelegate.swift in Sources */ = {isa = PBXBuildFile; fileRef = DE15E65B28604278003DD2F5 /* AppDelegate.swift */; };
		DE15E65E28604278003DD2F5 /* SceneDelegate.swift in Sources */ = {isa = PBXBuildFile; fileRef = DE15E65D28604278003DD2F5 /* SceneDelegate.swift */; };
		DE15E66528604279003DD2F5 /* Assets.xcassets in Resources */ = {isa = PBXBuildFile; fileRef = DE15E66428604279003DD2F5 /* Assets.xcassets */; };
		DE15E66828604279003DD2F5 /* LaunchScreen.storyboard in Resources */ = {isa = PBXBuildFile; fileRef = DE15E66628604279003DD2F5 /* LaunchScreen.storyboard */; };
		F00A2C91286BE36800ED57A8 /* VoicePlayingViewController.swift in Sources */ = {isa = PBXBuildFile; fileRef = F00A2C90286BE36800ED57A8 /* VoicePlayingViewController.swift */; };
		F00A2C94286BE8E400ED57A8 /* NSLayoutConstraint+extension.swift in Sources */ = {isa = PBXBuildFile; fileRef = F00A2C93286BE8E400ED57A8 /* NSLayoutConstraint+extension.swift */; };
		F00A2C98286BEF6C00ED57A8 /* PlayControlView.swift in Sources */ = {isa = PBXBuildFile; fileRef = F00A2C97286BEF6C00ED57A8 /* PlayControlView.swift */; };
		F018C29D2877FB6000D7C9BE /* AudioVisualizeView.swift in Sources */ = {isa = PBXBuildFile; fileRef = F018C29C2877FB6000D7C9BE /* AudioVisualizeView.swift */; };
		F018C2A12877FC7900D7C9BE /* AudioPlotView.swift in Sources */ = {isa = PBXBuildFile; fileRef = F018C2A02877FC7900D7C9BE /* AudioPlotView.swift */; };
		F06B92492870572400A704AF /* RecordedVoiceListViewController.swift in Sources */ = {isa = PBXBuildFile; fileRef = F06B92482870572400A704AF /* RecordedVoiceListViewController.swift */; };
		F06B924D2870575A00A704AF /* RecordedVoiceTableViewCell.swift in Sources */ = {isa = PBXBuildFile; fileRef = F06B924C2870575A00A704AF /* RecordedVoiceTableViewCell.swift */; };
		F06B92572872A07C00A704AF /* FirebaseStorageManager.swift in Sources */ = {isa = PBXBuildFile; fileRef = F06B92552872A07C00A704AF /* FirebaseStorageManager.swift */; };
		F06B925A2872A68400A704AF /* AudioFileManager.swift in Sources */ = {isa = PBXBuildFile; fileRef = F06B92592872A68400A704AF /* AudioFileManager.swift */; };
		F06B925D2872BA6B00A704AF /* AudioMetaData.swift in Sources */ = {isa = PBXBuildFile; fileRef = F06B925C2872BA6B00A704AF /* AudioMetaData.swift */; };
		F06B925F2872BB7B00A704AF /* DateUtil.swift in Sources */ = {isa = PBXBuildFile; fileRef = F06B925E2872BB7B00A704AF /* DateUtil.swift */; };
		F0D559DC286C1AEB0078BCF3 /* SoundManager.swift in Sources */ = {isa = PBXBuildFile; fileRef = F0D559DB286C1AEB0078BCF3 /* SoundManager.swift */; };
/* End PBXBuildFile section */

/* Begin PBXFileReference section */
		688035EA287916F300DC9047 /* FrequencyControlView.swift */ = {isa = PBXFileReference; lastKnownFileType = sourcecode.swift; path = FrequencyControlView.swift; sourceTree = "<group>"; };
		68C0E0EF2879B659008469A4 /* PlayTime.swift */ = {isa = PBXFileReference; lastKnownFileType = sourcecode.swift; path = PlayTime.swift; sourceTree = "<group>"; };
		68E116D82872B82B00E962FD /* RecordViewController.swift */ = {isa = PBXFileReference; lastKnownFileType = sourcecode.swift; path = RecordViewController.swift; sourceTree = "<group>"; };
		68F5665B286ED6560068A5CE /* GoogleService-Info.plist */ = {isa = PBXFileReference; fileEncoding = 4; lastKnownFileType = text.plist.xml; path = "GoogleService-Info.plist"; sourceTree = "<group>"; };
		DE15E65828604278003DD2F5 /* VoiceRecorder.app */ = {isa = PBXFileReference; explicitFileType = wrapper.application; includeInIndex = 0; path = VoiceRecorder.app; sourceTree = BUILT_PRODUCTS_DIR; };
		DE15E65B28604278003DD2F5 /* AppDelegate.swift */ = {isa = PBXFileReference; lastKnownFileType = sourcecode.swift; path = AppDelegate.swift; sourceTree = "<group>"; };
		DE15E65D28604278003DD2F5 /* SceneDelegate.swift */ = {isa = PBXFileReference; lastKnownFileType = sourcecode.swift; path = SceneDelegate.swift; sourceTree = "<group>"; };
		DE15E66428604279003DD2F5 /* Assets.xcassets */ = {isa = PBXFileReference; lastKnownFileType = folder.assetcatalog; path = Assets.xcassets; sourceTree = "<group>"; };
		DE15E66728604279003DD2F5 /* Base */ = {isa = PBXFileReference; lastKnownFileType = file.storyboard; name = Base; path = Base.lproj/LaunchScreen.storyboard; sourceTree = "<group>"; };
		DE15E66928604279003DD2F5 /* Info.plist */ = {isa = PBXFileReference; lastKnownFileType = text.plist.xml; path = Info.plist; sourceTree = "<group>"; };
		F00A2C90286BE36800ED57A8 /* VoicePlayingViewController.swift */ = {isa = PBXFileReference; lastKnownFileType = sourcecode.swift; path = VoicePlayingViewController.swift; sourceTree = "<group>"; };
		F00A2C93286BE8E400ED57A8 /* NSLayoutConstraint+extension.swift */ = {isa = PBXFileReference; lastKnownFileType = sourcecode.swift; path = "NSLayoutConstraint+extension.swift"; sourceTree = "<group>"; };
		F00A2C97286BEF6C00ED57A8 /* PlayControlView.swift */ = {isa = PBXFileReference; lastKnownFileType = sourcecode.swift; path = PlayControlView.swift; sourceTree = "<group>"; };
		F018C29C2877FB6000D7C9BE /* AudioVisualizeView.swift */ = {isa = PBXFileReference; lastKnownFileType = sourcecode.swift; path = AudioVisualizeView.swift; sourceTree = "<group>"; };
		F018C2A02877FC7900D7C9BE /* AudioPlotView.swift */ = {isa = PBXFileReference; lastKnownFileType = sourcecode.swift; path = AudioPlotView.swift; sourceTree = "<group>"; };
		F06B92482870572400A704AF /* RecordedVoiceListViewController.swift */ = {isa = PBXFileReference; lastKnownFileType = sourcecode.swift; path = RecordedVoiceListViewController.swift; sourceTree = "<group>"; };
		F06B924C2870575A00A704AF /* RecordedVoiceTableViewCell.swift */ = {isa = PBXFileReference; lastKnownFileType = sourcecode.swift; path = RecordedVoiceTableViewCell.swift; sourceTree = "<group>"; };
		F06B92552872A07C00A704AF /* FirebaseStorageManager.swift */ = {isa = PBXFileReference; fileEncoding = 4; lastKnownFileType = sourcecode.swift; path = FirebaseStorageManager.swift; sourceTree = "<group>"; };
		F06B92592872A68400A704AF /* AudioFileManager.swift */ = {isa = PBXFileReference; fileEncoding = 4; lastKnownFileType = sourcecode.swift; path = AudioFileManager.swift; sourceTree = "<group>"; };
		F06B925C2872BA6B00A704AF /* AudioMetaData.swift */ = {isa = PBXFileReference; fileEncoding = 4; lastKnownFileType = sourcecode.swift; path = AudioMetaData.swift; sourceTree = "<group>"; };
		F06B925E2872BB7B00A704AF /* DateUtil.swift */ = {isa = PBXFileReference; lastKnownFileType = sourcecode.swift; path = DateUtil.swift; sourceTree = "<group>"; };
		F0D559DB286C1AEB0078BCF3 /* SoundManager.swift */ = {isa = PBXFileReference; lastKnownFileType = sourcecode.swift; path = SoundManager.swift; sourceTree = "<group>"; };
/* End PBXFileReference section */

/* Begin PBXFrameworksBuildPhase section */
		DE15E65528604278003DD2F5 /* Frameworks */ = {
			isa = PBXFrameworksBuildPhase;
			buildActionMask = 2147483647;
			files = (
				68F5662C286BD2FC0068A5CE /* FirebaseStorage in Frameworks */,
			);
			runOnlyForDeploymentPostprocessing = 0;
		};
/* End PBXFrameworksBuildPhase section */

/* Begin PBXGroup section */
		688035E92879164800DC9047 /* View */ = {
			isa = PBXGroup;
			children = (
				688035EA287916F300DC9047 /* FrequencyControlView.swift */,
			);
			path = View;
			sourceTree = "<group>";
		};
		68BF990F286F1A9B00BE55CF /* RecordVoice */ = {
			isa = PBXGroup;
			children = (
				68BF9910286F1AB400BE55CF /* VC */,
				688035E92879164800DC9047 /* View */,
			);
			path = RecordVoice;
			sourceTree = "<group>";
		};
		68BF9910286F1AB400BE55CF /* VC */ = {
			isa = PBXGroup;
			children = (
				68E116D82872B82B00E962FD /* RecordViewController.swift */,
			);
			path = VC;
			sourceTree = "<group>";
		};
		DE15E64F28604278003DD2F5 = {
			isa = PBXGroup;
			children = (
				DE15E65A28604278003DD2F5 /* VoiceRecorder */,
				DE15E65928604278003DD2F5 /* Products */,
			);
			sourceTree = "<group>";
		};
		DE15E65928604278003DD2F5 /* Products */ = {
			isa = PBXGroup;
			children = (
				DE15E65828604278003DD2F5 /* VoiceRecorder.app */,
			);
			name = Products;
			sourceTree = "<group>";
		};
		DE15E65A28604278003DD2F5 /* VoiceRecorder */ = {
			isa = PBXGroup;
			children = (
				F0D7EFEE2879A89400E39107 /* Application */,
				F018C29B2877FB4700D7C9BE /* Visualizer */,
				F06B925B2872BA4D00A704AF /* Model */,
				F06B92582872A66C00A704AF /* FileManager */,
				F06B92532872A06000A704AF /* Network */,
				F06B9247287056F500A704AF /* VoiceList */,
				F0D559DA286C1AD30078BCF3 /* SoundManager */,
				68BF990F286F1A9B00BE55CF /* RecordVoice */,
				F00A2C8F286BE20400ED57A8 /* PlayVoice */,
				F0D7EFED2879A85900E39107 /* Shared */,
			);
			path = VoiceRecorder;
			sourceTree = "<group>";
		};
		F00A2C8F286BE20400ED57A8 /* PlayVoice */ = {
			isa = PBXGroup;
			children = (
				F00A2C96286BEEB800ED57A8 /* VC */,
				F00A2C95286BEEB400ED57A8 /* View */,
			);
			path = PlayVoice;
			sourceTree = "<group>";
		};
		F00A2C95286BEEB400ED57A8 /* View */ = {
			isa = PBXGroup;
			children = (
				F00A2C97286BEF6C00ED57A8 /* PlayControlView.swift */,
			);
			path = View;
			sourceTree = "<group>";
		};
		F00A2C96286BEEB800ED57A8 /* VC */ = {
			isa = PBXGroup;
			children = (
				F00A2C90286BE36800ED57A8 /* VoicePlayingViewController.swift */,
			);
			path = VC;
			sourceTree = "<group>";
		};
		F018C29B2877FB4700D7C9BE /* Visualizer */ = {
			isa = PBXGroup;
			children = (
				F018C29C2877FB6000D7C9BE /* AudioVisualizeView.swift */,
				F018C2A02877FC7900D7C9BE /* AudioPlotView.swift */,
			);
			path = Visualizer;
			sourceTree = "<group>";
		};
		F06B9247287056F500A704AF /* VoiceList */ = {
			isa = PBXGroup;
			children = (
				F06B924B2870573800A704AF /* View */,
				F06B924A2870573400A704AF /* VC */,
			);
			path = VoiceList;
			sourceTree = "<group>";
		};
		F06B924A2870573400A704AF /* VC */ = {
			isa = PBXGroup;
			children = (
				F06B92482870572400A704AF /* RecordedVoiceListViewController.swift */,
			);
			path = VC;
			sourceTree = "<group>";
		};
		F06B924B2870573800A704AF /* View */ = {
			isa = PBXGroup;
			children = (
				F06B924C2870575A00A704AF /* RecordedVoiceTableViewCell.swift */,
			);
			path = View;
			sourceTree = "<group>";
		};
		F06B92532872A06000A704AF /* Network */ = {
			isa = PBXGroup;
			children = (
				F06B92552872A07C00A704AF /* FirebaseStorageManager.swift */,
			);
			path = Network;
			sourceTree = "<group>";
		};
		F06B92582872A66C00A704AF /* FileManager */ = {
			isa = PBXGroup;
			children = (
				F06B92592872A68400A704AF /* AudioFileManager.swift */,
			);
			path = FileManager;
			sourceTree = "<group>";
		};
		F06B925B2872BA4D00A704AF /* Model */ = {
			isa = PBXGroup;
			children = (
				F06B925C2872BA6B00A704AF /* AudioMetaData.swift */,
			);
			path = Model;
			sourceTree = "<group>";
		};
		F0D559DA286C1AD30078BCF3 /* SoundManager */ = {
			isa = PBXGroup;
			children = (
				F0D559DB286C1AEB0078BCF3 /* SoundManager.swift */,
				68C0E0EF2879B659008469A4 /* PlayTime.swift */,
			);
			path = SoundManager;
			sourceTree = "<group>";
		};
		F0D7EFED2879A85900E39107 /* Shared */ = {
			isa = PBXGroup;
			children = (
				F06B925E2872BB7B00A704AF /* DateUtil.swift */,
				F00A2C93286BE8E400ED57A8 /* NSLayoutConstraint+extension.swift */,
			);
			path = Shared;
			sourceTree = "<group>";
		};
		F0D7EFEE2879A89400E39107 /* Application */ = {
			isa = PBXGroup;
			children = (
				DE15E65B28604278003DD2F5 /* AppDelegate.swift */,
				DE15E65D28604278003DD2F5 /* SceneDelegate.swift */,
				DE15E66428604279003DD2F5 /* Assets.xcassets */,
				DE15E66628604279003DD2F5 /* LaunchScreen.storyboard */,
				DE15E66928604279003DD2F5 /* Info.plist */,
				68F5665B286ED6560068A5CE /* GoogleService-Info.plist */,
			);
			path = Application;
			sourceTree = "<group>";
		};
/* End PBXGroup section */

/* Begin PBXNativeTarget section */
		DE15E65728604278003DD2F5 /* VoiceRecorder */ = {
			isa = PBXNativeTarget;
			buildConfigurationList = DE15E66C28604279003DD2F5 /* Build configuration list for PBXNativeTarget "VoiceRecorder" */;
			buildPhases = (
				DE15E65428604278003DD2F5 /* Sources */,
				DE15E65528604278003DD2F5 /* Frameworks */,
				DE15E65628604278003DD2F5 /* Resources */,
			);
			buildRules = (
			);
			dependencies = (
			);
			name = VoiceRecorder;
			packageProductDependencies = (
				68F5662B286BD2FC0068A5CE /* FirebaseStorage */,
			);
			productName = SNPLab;
			productReference = DE15E65828604278003DD2F5 /* VoiceRecorder.app */;
			productType = "com.apple.product-type.application";
		};
/* End PBXNativeTarget section */

/* Begin PBXProject section */
		DE15E65028604278003DD2F5 /* Project object */ = {
			isa = PBXProject;
			attributes = {
				BuildIndependentTargetsInParallel = 1;
				LastSwiftUpdateCheck = 1340;
				LastUpgradeCheck = 1340;
				TargetAttributes = {
					DE15E65728604278003DD2F5 = {
						CreatedOnToolsVersion = 13.4.1;
					};
				};
			};
			buildConfigurationList = DE15E65328604278003DD2F5 /* Build configuration list for PBXProject "VoiceRecorder" */;
			compatibilityVersion = "Xcode 13.0";
			developmentRegion = en;
			hasScannedForEncodings = 0;
			knownRegions = (
				en,
				Base,
			);
			mainGroup = DE15E64F28604278003DD2F5;
			packageReferences = (
				68F5662A286BD2FC0068A5CE /* XCRemoteSwiftPackageReference "firebase-ios-sdk" */,
			);
			productRefGroup = DE15E65928604278003DD2F5 /* Products */;
			projectDirPath = "";
			projectRoot = "";
			targets = (
				DE15E65728604278003DD2F5 /* VoiceRecorder */,
			);
		};
/* End PBXProject section */

/* Begin PBXResourcesBuildPhase section */
		DE15E65628604278003DD2F5 /* Resources */ = {
			isa = PBXResourcesBuildPhase;
			buildActionMask = 2147483647;
			files = (
				DE15E66828604279003DD2F5 /* LaunchScreen.storyboard in Resources */,
				DE15E66528604279003DD2F5 /* Assets.xcassets in Resources */,
				68F5665C286ED6560068A5CE /* GoogleService-Info.plist in Resources */,
			);
			runOnlyForDeploymentPostprocessing = 0;
		};
/* End PBXResourcesBuildPhase section */

/* Begin PBXSourcesBuildPhase section */
		DE15E65428604278003DD2F5 /* Sources */ = {
			isa = PBXSourcesBuildPhase;
			buildActionMask = 2147483647;
			files = (
				F00A2C91286BE36800ED57A8 /* VoicePlayingViewController.swift in Sources */,
				688035EB287916F300DC9047 /* FrequencyControlView.swift in Sources */,
				F0D559DC286C1AEB0078BCF3 /* SoundManager.swift in Sources */,
				F06B925D2872BA6B00A704AF /* AudioMetaData.swift in Sources */,
				F06B925A2872A68400A704AF /* AudioFileManager.swift in Sources */,
				F00A2C94286BE8E400ED57A8 /* NSLayoutConstraint+extension.swift in Sources */,
				F06B925F2872BB7B00A704AF /* DateUtil.swift in Sources */,
				DE15E65C28604278003DD2F5 /* AppDelegate.swift in Sources */,
				DE15E65E28604278003DD2F5 /* SceneDelegate.swift in Sources */,
				F06B92572872A07C00A704AF /* FirebaseStorageManager.swift in Sources */,
				F06B924D2870575A00A704AF /* RecordedVoiceTableViewCell.swift in Sources */,
				F018C2A12877FC7900D7C9BE /* AudioPlotView.swift in Sources */,
				F018C29D2877FB6000D7C9BE /* AudioVisualizeView.swift in Sources */,
				68C0E0F02879B659008469A4 /* PlayTime.swift in Sources */,
				68E116D92872B82B00E962FD /* RecordViewController.swift in Sources */,
				F00A2C98286BEF6C00ED57A8 /* PlayControlView.swift in Sources */,
				F06B92492870572400A704AF /* RecordedVoiceListViewController.swift in Sources */,
			);
			runOnlyForDeploymentPostprocessing = 0;
		};
/* End PBXSourcesBuildPhase section */

/* Begin PBXVariantGroup section */
		DE15E66628604279003DD2F5 /* LaunchScreen.storyboard */ = {
			isa = PBXVariantGroup;
			children = (
				DE15E66728604279003DD2F5 /* Base */,
			);
			name = LaunchScreen.storyboard;
			sourceTree = "<group>";
		};
/* End PBXVariantGroup section */

/* Begin XCBuildConfiguration section */
		DE15E66A28604279003DD2F5 /* Debug */ = {
			isa = XCBuildConfiguration;
			buildSettings = {
				ALWAYS_SEARCH_USER_PATHS = NO;
				CLANG_ANALYZER_NONNULL = YES;
				CLANG_ANALYZER_NUMBER_OBJECT_CONVERSION = YES_AGGRESSIVE;
				CLANG_CXX_LANGUAGE_STANDARD = "gnu++17";
				CLANG_ENABLE_MODULES = YES;
				CLANG_ENABLE_OBJC_ARC = YES;
				CLANG_ENABLE_OBJC_WEAK = YES;
				CLANG_WARN_BLOCK_CAPTURE_AUTORELEASING = YES;
				CLANG_WARN_BOOL_CONVERSION = YES;
				CLANG_WARN_COMMA = YES;
				CLANG_WARN_CONSTANT_CONVERSION = YES;
				CLANG_WARN_DEPRECATED_OBJC_IMPLEMENTATIONS = YES;
				CLANG_WARN_DIRECT_OBJC_ISA_USAGE = YES_ERROR;
				CLANG_WARN_DOCUMENTATION_COMMENTS = YES;
				CLANG_WARN_EMPTY_BODY = YES;
				CLANG_WARN_ENUM_CONVERSION = YES;
				CLANG_WARN_INFINITE_RECURSION = YES;
				CLANG_WARN_INT_CONVERSION = YES;
				CLANG_WARN_NON_LITERAL_NULL_CONVERSION = YES;
				CLANG_WARN_OBJC_IMPLICIT_RETAIN_SELF = YES;
				CLANG_WARN_OBJC_LITERAL_CONVERSION = YES;
				CLANG_WARN_OBJC_ROOT_CLASS = YES_ERROR;
				CLANG_WARN_QUOTED_INCLUDE_IN_FRAMEWORK_HEADER = YES;
				CLANG_WARN_RANGE_LOOP_ANALYSIS = YES;
				CLANG_WARN_STRICT_PROTOTYPES = YES;
				CLANG_WARN_SUSPICIOUS_MOVE = YES;
				CLANG_WARN_UNGUARDED_AVAILABILITY = YES_AGGRESSIVE;
				CLANG_WARN_UNREACHABLE_CODE = YES;
				CLANG_WARN__DUPLICATE_METHOD_MATCH = YES;
				COPY_PHASE_STRIP = NO;
				DEBUG_INFORMATION_FORMAT = dwarf;
				ENABLE_STRICT_OBJC_MSGSEND = YES;
				ENABLE_TESTABILITY = YES;
				GCC_C_LANGUAGE_STANDARD = gnu11;
				GCC_DYNAMIC_NO_PIC = NO;
				GCC_NO_COMMON_BLOCKS = YES;
				GCC_OPTIMIZATION_LEVEL = 0;
				GCC_PREPROCESSOR_DEFINITIONS = (
					"DEBUG=1",
					"$(inherited)",
				);
				GCC_WARN_64_TO_32_BIT_CONVERSION = YES;
				GCC_WARN_ABOUT_RETURN_TYPE = YES_ERROR;
				GCC_WARN_UNDECLARED_SELECTOR = YES;
				GCC_WARN_UNINITIALIZED_AUTOS = YES_AGGRESSIVE;
				GCC_WARN_UNUSED_FUNCTION = YES;
				GCC_WARN_UNUSED_VARIABLE = YES;
				IPHONEOS_DEPLOYMENT_TARGET = 15.0;
				MTL_ENABLE_DEBUG_INFO = INCLUDE_SOURCE;
				MTL_FAST_MATH = YES;
				ONLY_ACTIVE_ARCH = YES;
				SDKROOT = iphoneos;
				SWIFT_ACTIVE_COMPILATION_CONDITIONS = DEBUG;
				SWIFT_OPTIMIZATION_LEVEL = "-Onone";
			};
			name = Debug;
		};
		DE15E66B28604279003DD2F5 /* Release */ = {
			isa = XCBuildConfiguration;
			buildSettings = {
				ALWAYS_SEARCH_USER_PATHS = NO;
				CLANG_ANALYZER_NONNULL = YES;
				CLANG_ANALYZER_NUMBER_OBJECT_CONVERSION = YES_AGGRESSIVE;
				CLANG_CXX_LANGUAGE_STANDARD = "gnu++17";
				CLANG_ENABLE_MODULES = YES;
				CLANG_ENABLE_OBJC_ARC = YES;
				CLANG_ENABLE_OBJC_WEAK = YES;
				CLANG_WARN_BLOCK_CAPTURE_AUTORELEASING = YES;
				CLANG_WARN_BOOL_CONVERSION = YES;
				CLANG_WARN_COMMA = YES;
				CLANG_WARN_CONSTANT_CONVERSION = YES;
				CLANG_WARN_DEPRECATED_OBJC_IMPLEMENTATIONS = YES;
				CLANG_WARN_DIRECT_OBJC_ISA_USAGE = YES_ERROR;
				CLANG_WARN_DOCUMENTATION_COMMENTS = YES;
				CLANG_WARN_EMPTY_BODY = YES;
				CLANG_WARN_ENUM_CONVERSION = YES;
				CLANG_WARN_INFINITE_RECURSION = YES;
				CLANG_WARN_INT_CONVERSION = YES;
				CLANG_WARN_NON_LITERAL_NULL_CONVERSION = YES;
				CLANG_WARN_OBJC_IMPLICIT_RETAIN_SELF = YES;
				CLANG_WARN_OBJC_LITERAL_CONVERSION = YES;
				CLANG_WARN_OBJC_ROOT_CLASS = YES_ERROR;
				CLANG_WARN_QUOTED_INCLUDE_IN_FRAMEWORK_HEADER = YES;
				CLANG_WARN_RANGE_LOOP_ANALYSIS = YES;
				CLANG_WARN_STRICT_PROTOTYPES = YES;
				CLANG_WARN_SUSPICIOUS_MOVE = YES;
				CLANG_WARN_UNGUARDED_AVAILABILITY = YES_AGGRESSIVE;
				CLANG_WARN_UNREACHABLE_CODE = YES;
				CLANG_WARN__DUPLICATE_METHOD_MATCH = YES;
				COPY_PHASE_STRIP = NO;
				DEBUG_INFORMATION_FORMAT = "dwarf-with-dsym";
				ENABLE_NS_ASSERTIONS = NO;
				ENABLE_STRICT_OBJC_MSGSEND = YES;
				GCC_C_LANGUAGE_STANDARD = gnu11;
				GCC_NO_COMMON_BLOCKS = YES;
				GCC_WARN_64_TO_32_BIT_CONVERSION = YES;
				GCC_WARN_ABOUT_RETURN_TYPE = YES_ERROR;
				GCC_WARN_UNDECLARED_SELECTOR = YES;
				GCC_WARN_UNINITIALIZED_AUTOS = YES_AGGRESSIVE;
				GCC_WARN_UNUSED_FUNCTION = YES;
				GCC_WARN_UNUSED_VARIABLE = YES;
				IPHONEOS_DEPLOYMENT_TARGET = 15.0;
				MTL_ENABLE_DEBUG_INFO = NO;
				MTL_FAST_MATH = YES;
				SDKROOT = iphoneos;
				SWIFT_COMPILATION_MODE = wholemodule;
				SWIFT_OPTIMIZATION_LEVEL = "-O";
				VALIDATE_PRODUCT = YES;
			};
			name = Release;
		};
		DE15E66D28604279003DD2F5 /* Debug */ = {
			isa = XCBuildConfiguration;
			buildSettings = {
				ASSETCATALOG_COMPILER_APPICON_NAME = AppIcon;
				ASSETCATALOG_COMPILER_GLOBAL_ACCENT_COLOR_NAME = AccentColor;
				CODE_SIGN_STYLE = Automatic;
				CURRENT_PROJECT_VERSION = 1;
				DEVELOPMENT_TEAM = QA5P85RJWN;
				GENERATE_INFOPLIST_FILE = YES;
				INFOPLIST_FILE = VoiceRecorder/Application/Info.plist;
				INFOPLIST_KEY_NSMicrophoneUsageDescription = "Microphone permission is required to record audio.";
				INFOPLIST_KEY_UIApplicationSupportsIndirectInputEvents = YES;
				INFOPLIST_KEY_UILaunchStoryboardName = LaunchScreen;
				INFOPLIST_KEY_UISupportedInterfaceOrientations = "";
				INFOPLIST_KEY_UISupportedInterfaceOrientations_iPad = "UIInterfaceOrientationPortrait UIInterfaceOrientationPortraitUpsideDown UIInterfaceOrientationLandscapeLeft UIInterfaceOrientationLandscapeRight";
				INFOPLIST_KEY_UISupportedInterfaceOrientations_iPhone = "UIInterfaceOrientationPortrait UIInterfaceOrientationLandscapeLeft UIInterfaceOrientationLandscapeRight";
				IPHONEOS_DEPLOYMENT_TARGET = 15.0;
				LD_RUNPATH_SEARCH_PATHS = (
					"$(inherited)",
					"@executable_path/Frameworks",
				);
				MARKETING_VERSION = 1.0;
				PRODUCT_BUNDLE_IDENTIFIER = net.yaggom.VoiceRecorder;
				PRODUCT_NAME = "$(TARGET_NAME)";
				SWIFT_EMIT_LOC_STRINGS = YES;
				SWIFT_VERSION = 5.0;
				TARGETED_DEVICE_FAMILY = 1;
			};
			name = Debug;
		};
		DE15E66E28604279003DD2F5 /* Release */ = {
			isa = XCBuildConfiguration;
			buildSettings = {
				ASSETCATALOG_COMPILER_APPICON_NAME = AppIcon;
				ASSETCATALOG_COMPILER_GLOBAL_ACCENT_COLOR_NAME = AccentColor;
				CODE_SIGN_STYLE = Automatic;
				CURRENT_PROJECT_VERSION = 1;
				DEVELOPMENT_TEAM = QA5P85RJWN;
				GENERATE_INFOPLIST_FILE = YES;
				INFOPLIST_FILE = VoiceRecorder/Application/Info.plist;
				INFOPLIST_KEY_NSMicrophoneUsageDescription = "Microphone permission is required to record audio.";
				INFOPLIST_KEY_UIApplicationSupportsIndirectInputEvents = YES;
				INFOPLIST_KEY_UILaunchStoryboardName = LaunchScreen;
				INFOPLIST_KEY_UISupportedInterfaceOrientations = "";
				INFOPLIST_KEY_UISupportedInterfaceOrientations_iPad = "UIInterfaceOrientationPortrait UIInterfaceOrientationPortraitUpsideDown UIInterfaceOrientationLandscapeLeft UIInterfaceOrientationLandscapeRight";
				INFOPLIST_KEY_UISupportedInterfaceOrientations_iPhone = "UIInterfaceOrientationPortrait UIInterfaceOrientationLandscapeLeft UIInterfaceOrientationLandscapeRight";
				IPHONEOS_DEPLOYMENT_TARGET = 15.0;
				LD_RUNPATH_SEARCH_PATHS = (
					"$(inherited)",
					"@executable_path/Frameworks",
				);
				MARKETING_VERSION = 1.0;
				PRODUCT_BUNDLE_IDENTIFIER = net.YaggomVoiceRecorder;
				PRODUCT_NAME = "$(TARGET_NAME)";
				SWIFT_EMIT_LOC_STRINGS = YES;
				SWIFT_VERSION = 5.0;
				TARGETED_DEVICE_FAMILY = 1;
			};
			name = Release;
		};
/* End XCBuildConfiguration section */

/* Begin XCConfigurationList section */
		DE15E65328604278003DD2F5 /* Build configuration list for PBXProject "VoiceRecorder" */ = {
			isa = XCConfigurationList;
			buildConfigurations = (
				DE15E66A28604279003DD2F5 /* Debug */,
				DE15E66B28604279003DD2F5 /* Release */,
			);
			defaultConfigurationIsVisible = 0;
			defaultConfigurationName = Release;
		};
		DE15E66C28604279003DD2F5 /* Build configuration list for PBXNativeTarget "VoiceRecorder" */ = {
			isa = XCConfigurationList;
			buildConfigurations = (
				DE15E66D28604279003DD2F5 /* Debug */,
				DE15E66E28604279003DD2F5 /* Release */,
			);
			defaultConfigurationIsVisible = 0;
			defaultConfigurationName = Release;
		};
/* End XCConfigurationList section */

/* Begin XCRemoteSwiftPackageReference section */
		68F5662A286BD2FC0068A5CE /* XCRemoteSwiftPackageReference "firebase-ios-sdk" */ = {
			isa = XCRemoteSwiftPackageReference;
			repositoryURL = "https://github.com/firebase/firebase-ios-sdk";
			requirement = {
				kind = upToNextMajorVersion;
				minimumVersion = 9.0.0;
			};
		};
/* End XCRemoteSwiftPackageReference section */

/* Begin XCSwiftPackageProductDependency section */
		68F5662B286BD2FC0068A5CE /* FirebaseStorage */ = {
			isa = XCSwiftPackageProductDependency;
			package = 68F5662A286BD2FC0068A5CE /* XCRemoteSwiftPackageReference "firebase-ios-sdk" */;
			productName = FirebaseStorage;
		};
/* End XCSwiftPackageProductDependency section */
	};
	rootObject = DE15E65028604278003DD2F5 /* Project object */;
}
