// !$*UTF8*$!
{
	archiveVersion = 1;
	classes = {
	};
	objectVersion = 55;
	objects = {

/* Begin PBXBuildFile section */
		0E32554069C071CA1D59DC04 /* Pods_VoiceRecorder.framework in Frameworks */ = {isa = PBXBuildFile; fileRef = E9BFC1627DF83D91CB89EB12 /* Pods_VoiceRecorder.framework */; };
		12BCEDB0286D25D1006C1783 /* RecordingViewController.swift in Sources */ = {isa = PBXBuildFile; fileRef = 12BCEDAF286D25D1006C1783 /* RecordingViewController.swift */; };
		12BCEDBA286D36D7006C1783 /* LocalFileHandler.swift in Sources */ = {isa = PBXBuildFile; fileRef = 12BCEDB9286D36D7006C1783 /* LocalFileHandler.swift */; };
		12BCEDC0286D3AB3006C1783 /* UIViewExtension.swift in Sources */ = {isa = PBXBuildFile; fileRef = 12BCEDBF286D3AB3006C1783 /* UIViewExtension.swift */; };
		12BCEDC2286D3BEF006C1783 /* AudioRecorderHandler.swift in Sources */ = {isa = PBXBuildFile; fileRef = 12BCEDC1286D3BEF006C1783 /* AudioRecorderHandler.swift */; };
		12BCEDD8286DC9E3006C1783 /* AudioPlayerHandler.swift in Sources */ = {isa = PBXBuildFile; fileRef = 12BCEDD7286DC9E3006C1783 /* AudioPlayerHandler.swift */; };
		12C09BC8286FF5E60032500D /* PlayingViewController.swift in Sources */ = {isa = PBXBuildFile; fileRef = 12C09BC7286FF5E60032500D /* PlayingViewController.swift */; };
		12E1549028697D4400F7EA19 /* RecordModel.swift in Sources */ = {isa = PBXBuildFile; fileRef = 12E1548F28697D4400F7EA19 /* RecordModel.swift */; };
		B7202645286BEB2400466FBA /* GetFileList.swift in Sources */ = {isa = PBXBuildFile; fileRef = B7202644286BEB2400466FBA /* GetFileList.swift */; };
		B7545781286AC79800EFCDA2 /* FirebaseProtocol.swift in Sources */ = {isa = PBXBuildFile; fileRef = B7545780286AC79800EFCDA2 /* FirebaseProtocol.swift */; };
		B7545785286AE33D00EFCDA2 /* UploadRecordfile.swift in Sources */ = {isa = PBXBuildFile; fileRef = B7545784286AE33D00EFCDA2 /* UploadRecordfile.swift */; };
		B7545787286AE34B00EFCDA2 /* DownloadRecordfile.swift in Sources */ = {isa = PBXBuildFile; fileRef = B7545786286AE34B00EFCDA2 /* DownloadRecordfile.swift */; };
		B7545789286AE35800EFCDA2 /* DeleteRecordfile.swift in Sources */ = {isa = PBXBuildFile; fileRef = B7545788286AE35800EFCDA2 /* DeleteRecordfile.swift */; };
		B78E6BE9286D4B53005AC140 /* LocalFileProtocol.swift in Sources */ = {isa = PBXBuildFile; fileRef = B78E6BE8286D4B53005AC140 /* LocalFileProtocol.swift */; };
		B78E6BED286D531F005AC140 /* TimerProtocol.swift in Sources */ = {isa = PBXBuildFile; fileRef = B78E6BEC286D531F005AC140 /* TimerProtocol.swift */; };
		B78E6BEF286D53EE005AC140 /* UpdateTimeInterval.swift in Sources */ = {isa = PBXBuildFile; fileRef = B78E6BEE286D53EE005AC140 /* UpdateTimeInterval.swift */; };
		B78E6BF1286DA02D005AC140 /* GetFileMetaData.swift in Sources */ = {isa = PBXBuildFile; fileRef = B78E6BF0286DA02D005AC140 /* GetFileMetaData.swift */; };
		B78E6BF3286DBCB1005AC140 /* GoogleService-Info.plist in Resources */ = {isa = PBXBuildFile; fileRef = B78E6BF2286DBCB1005AC140 /* GoogleService-Info.plist */; };
		B7E274972869BA0300FBB977 /* FirebaseStorage.swift in Sources */ = {isa = PBXBuildFile; fileRef = B7E274962869BA0300FBB977 /* FirebaseStorage.swift */; };
		B7E8082D286974C9005E35BC /* RecordFileCell.swift in Sources */ = {isa = PBXBuildFile; fileRef = B7E8082C286974C9005E35BC /* RecordFileCell.swift */; };
		DE15E65C28604278003DD2F5 /* AppDelegate.swift in Sources */ = {isa = PBXBuildFile; fileRef = DE15E65B28604278003DD2F5 /* AppDelegate.swift */; };
		DE15E65E28604278003DD2F5 /* SceneDelegate.swift in Sources */ = {isa = PBXBuildFile; fileRef = DE15E65D28604278003DD2F5 /* SceneDelegate.swift */; };
		DE15E66028604278003DD2F5 /* VoiceMemoListViewController.swift in Sources */ = {isa = PBXBuildFile; fileRef = DE15E65F28604278003DD2F5 /* VoiceMemoListViewController.swift */; };
		DE15E66328604278003DD2F5 /* Main.storyboard in Resources */ = {isa = PBXBuildFile; fileRef = DE15E66128604278003DD2F5 /* Main.storyboard */; };
		DE15E66528604279003DD2F5 /* Assets.xcassets in Resources */ = {isa = PBXBuildFile; fileRef = DE15E66428604279003DD2F5 /* Assets.xcassets */; };
		DE15E66828604279003DD2F5 /* LaunchScreen.storyboard in Resources */ = {isa = PBXBuildFile; fileRef = DE15E66628604279003DD2F5 /* LaunchScreen.storyboard */; };
/* End PBXBuildFile section */

/* Begin PBXFileReference section */
		1201D724286989B8005F046B /* Info.plist */ = {isa = PBXFileReference; lastKnownFileType = text.plist.xml; path = Info.plist; sourceTree = "<group>"; };
		12BCEDAF286D25D1006C1783 /* RecordingViewController.swift */ = {isa = PBXFileReference; lastKnownFileType = sourcecode.swift; path = RecordingViewController.swift; sourceTree = "<group>"; };
		12BCEDB9286D36D7006C1783 /* LocalFileHandler.swift */ = {isa = PBXFileReference; lastKnownFileType = sourcecode.swift; path = LocalFileHandler.swift; sourceTree = "<group>"; };
		12BCEDBF286D3AB3006C1783 /* UIViewExtension.swift */ = {isa = PBXFileReference; lastKnownFileType = sourcecode.swift; path = UIViewExtension.swift; sourceTree = "<group>"; };
		12BCEDC1286D3BEF006C1783 /* AudioRecorderHandler.swift */ = {isa = PBXFileReference; lastKnownFileType = sourcecode.swift; path = AudioRecorderHandler.swift; sourceTree = "<group>"; };
		12BCEDD7286DC9E3006C1783 /* AudioPlayerHandler.swift */ = {isa = PBXFileReference; lastKnownFileType = sourcecode.swift; path = AudioPlayerHandler.swift; sourceTree = "<group>"; };
		12C09BC7286FF5E60032500D /* PlayingViewController.swift */ = {isa = PBXFileReference; lastKnownFileType = sourcecode.swift; path = PlayingViewController.swift; sourceTree = "<group>"; };
		12E1548F28697D4400F7EA19 /* RecordModel.swift */ = {isa = PBXFileReference; lastKnownFileType = sourcecode.swift; path = RecordModel.swift; sourceTree = "<group>"; };
		73E59906131CF5BC431F5250 /* Pods-VoiceRecorder.debug.xcconfig */ = {isa = PBXFileReference; includeInIndex = 1; lastKnownFileType = text.xcconfig; name = "Pods-VoiceRecorder.debug.xcconfig"; path = "Target Support Files/Pods-VoiceRecorder/Pods-VoiceRecorder.debug.xcconfig"; sourceTree = "<group>"; };
		B1A3C0E2C0AF20E02F5B9AD9 /* Pods-VoiceRecorder.release.xcconfig */ = {isa = PBXFileReference; includeInIndex = 1; lastKnownFileType = text.xcconfig; name = "Pods-VoiceRecorder.release.xcconfig"; path = "Target Support Files/Pods-VoiceRecorder/Pods-VoiceRecorder.release.xcconfig"; sourceTree = "<group>"; };
		B7202644286BEB2400466FBA /* GetFileList.swift */ = {isa = PBXFileReference; lastKnownFileType = sourcecode.swift; path = GetFileList.swift; sourceTree = "<group>"; };
		B7545780286AC79800EFCDA2 /* FirebaseProtocol.swift */ = {isa = PBXFileReference; lastKnownFileType = sourcecode.swift; path = FirebaseProtocol.swift; sourceTree = "<group>"; };
		B7545784286AE33D00EFCDA2 /* UploadRecordfile.swift */ = {isa = PBXFileReference; lastKnownFileType = sourcecode.swift; path = UploadRecordfile.swift; sourceTree = "<group>"; };
		B7545786286AE34B00EFCDA2 /* DownloadRecordfile.swift */ = {isa = PBXFileReference; lastKnownFileType = sourcecode.swift; path = DownloadRecordfile.swift; sourceTree = "<group>"; };
		B7545788286AE35800EFCDA2 /* DeleteRecordfile.swift */ = {isa = PBXFileReference; lastKnownFileType = sourcecode.swift; path = DeleteRecordfile.swift; sourceTree = "<group>"; };
		B78E6BE8286D4B53005AC140 /* LocalFileProtocol.swift */ = {isa = PBXFileReference; lastKnownFileType = sourcecode.swift; path = LocalFileProtocol.swift; sourceTree = "<group>"; };
		B78E6BEC286D531F005AC140 /* TimerProtocol.swift */ = {isa = PBXFileReference; lastKnownFileType = sourcecode.swift; path = TimerProtocol.swift; sourceTree = "<group>"; };
		B78E6BEE286D53EE005AC140 /* UpdateTimeInterval.swift */ = {isa = PBXFileReference; lastKnownFileType = sourcecode.swift; path = UpdateTimeInterval.swift; sourceTree = "<group>"; };
		B78E6BF0286DA02D005AC140 /* GetFileMetaData.swift */ = {isa = PBXFileReference; lastKnownFileType = sourcecode.swift; path = GetFileMetaData.swift; sourceTree = "<group>"; };
		B78E6BF2286DBCB1005AC140 /* GoogleService-Info.plist */ = {isa = PBXFileReference; fileEncoding = 4; lastKnownFileType = text.plist.xml; path = "GoogleService-Info.plist"; sourceTree = "<group>"; };
		B7E274962869BA0300FBB977 /* FirebaseStorage.swift */ = {isa = PBXFileReference; lastKnownFileType = sourcecode.swift; path = FirebaseStorage.swift; sourceTree = "<group>"; };
		B7E8082C286974C9005E35BC /* RecordFileCell.swift */ = {isa = PBXFileReference; lastKnownFileType = sourcecode.swift; path = RecordFileCell.swift; sourceTree = "<group>"; };
		DE15E65828604278003DD2F5 /* VoiceRecorder.app */ = {isa = PBXFileReference; explicitFileType = wrapper.application; includeInIndex = 0; path = VoiceRecorder.app; sourceTree = BUILT_PRODUCTS_DIR; };
		DE15E65B28604278003DD2F5 /* AppDelegate.swift */ = {isa = PBXFileReference; lastKnownFileType = sourcecode.swift; path = AppDelegate.swift; sourceTree = "<group>"; };
		DE15E65D28604278003DD2F5 /* SceneDelegate.swift */ = {isa = PBXFileReference; lastKnownFileType = sourcecode.swift; path = SceneDelegate.swift; sourceTree = "<group>"; };
		DE15E65F28604278003DD2F5 /* VoiceMemoListViewController.swift */ = {isa = PBXFileReference; lastKnownFileType = sourcecode.swift; path = VoiceMemoListViewController.swift; sourceTree = "<group>"; };
		DE15E66228604278003DD2F5 /* Base */ = {isa = PBXFileReference; lastKnownFileType = file.storyboard; name = Base; path = Base.lproj/Main.storyboard; sourceTree = "<group>"; };
		DE15E66428604279003DD2F5 /* Assets.xcassets */ = {isa = PBXFileReference; lastKnownFileType = folder.assetcatalog; path = Assets.xcassets; sourceTree = "<group>"; };
		DE15E66728604279003DD2F5 /* Base */ = {isa = PBXFileReference; lastKnownFileType = file.storyboard; name = Base; path = Base.lproj/LaunchScreen.storyboard; sourceTree = "<group>"; };
		E9BFC1627DF83D91CB89EB12 /* Pods_VoiceRecorder.framework */ = {isa = PBXFileReference; explicitFileType = wrapper.framework; includeInIndex = 0; path = Pods_VoiceRecorder.framework; sourceTree = BUILT_PRODUCTS_DIR; };
/* End PBXFileReference section */

/* Begin PBXFrameworksBuildPhase section */
		DE15E65528604278003DD2F5 /* Frameworks */ = {
			isa = PBXFrameworksBuildPhase;
			buildActionMask = 2147483647;
			files = (
				0E32554069C071CA1D59DC04 /* Pods_VoiceRecorder.framework in Frameworks */,
			);
			runOnlyForDeploymentPostprocessing = 0;
		};
/* End PBXFrameworksBuildPhase section */

/* Begin PBXGroup section */
		12E1549128697D4800F7EA19 /* Model */ = {
			isa = PBXGroup;
			children = (
				12E1548F28697D4400F7EA19 /* RecordModel.swift */,
			);
			path = Model;
			sourceTree = "<group>";
		};
		12E1549228697D6500F7EA19 /* Controller */ = {
			isa = PBXGroup;
			children = (
				DE15E65F28604278003DD2F5 /* VoiceMemoListViewController.swift */,
				12BCEDAF286D25D1006C1783 /* RecordingViewController.swift */,
				12C09BC7286FF5E60032500D /* PlayingViewController.swift */,
			);
			path = Controller;
			sourceTree = "<group>";
		};
		12E1549328697D6C00F7EA19 /* View */ = {
			isa = PBXGroup;
			children = (
				DE15E66128604278003DD2F5 /* Main.storyboard */,
			);
			path = View;
			sourceTree = "<group>";
		};
		37A9CB686FD1CAF89AE51F25 /* Pods */ = {
			isa = PBXGroup;
			children = (
				73E59906131CF5BC431F5250 /* Pods-VoiceRecorder.debug.xcconfig */,
				B1A3C0E2C0AF20E02F5B9AD9 /* Pods-VoiceRecorder.release.xcconfig */,
			);
			path = Pods;
			sourceTree = "<group>";
		};
		B754577F286AC20600EFCDA2 /* Protocol */ = {
			isa = PBXGroup;
			children = (
				B7545780286AC79800EFCDA2 /* FirebaseProtocol.swift */,
				B78E6BE8286D4B53005AC140 /* LocalFileProtocol.swift */,
				B78E6BEC286D531F005AC140 /* TimerProtocol.swift */,
			);
			path = Protocol;
			sourceTree = "<group>";
		};
		B78E6BEA286D506C005AC140 /* FirebaseUtil */ = {
			isa = PBXGroup;
			children = (
				B7545784286AE33D00EFCDA2 /* UploadRecordfile.swift */,
				B7545786286AE34B00EFCDA2 /* DownloadRecordfile.swift */,
				B7545788286AE35800EFCDA2 /* DeleteRecordfile.swift */,
				B7202644286BEB2400466FBA /* GetFileList.swift */,
				B78E6BF0286DA02D005AC140 /* GetFileMetaData.swift */,
			);
			path = FirebaseUtil;
			sourceTree = "<group>";
		};
		B78E6BEB286D5093005AC140 /* LocalFileUtil */ = {
			isa = PBXGroup;
			children = (
				12BCEDB9286D36D7006C1783 /* LocalFileHandler.swift */,
			);
			path = LocalFileUtil;
			sourceTree = "<group>";
		};
		B7E274952869B9CC00FBB977 /* Util */ = {
			isa = PBXGroup;
			children = (
				B7E274962869BA0300FBB977 /* FirebaseStorage.swift */,
				12BCEDC1286D3BEF006C1783 /* AudioRecorderHandler.swift */,
				12BCEDD7286DC9E3006C1783 /* AudioPlayerHandler.swift */,
				B78E6BEE286D53EE005AC140 /* UpdateTimeInterval.swift */,
				12BCEDBF286D3AB3006C1783 /* UIViewExtension.swift */,
				B78E6BEA286D506C005AC140 /* FirebaseUtil */,
				B78E6BEB286D5093005AC140 /* LocalFileUtil */,
			);
			path = Util;
			sourceTree = "<group>";
		};
		B7E8082B2869746B005E35BC /* Source */ = {
			isa = PBXGroup;
			children = (
				B7E8082C286974C9005E35BC /* RecordFileCell.swift */,
			);
			path = Source;
			sourceTree = "<group>";
		};
		DE15E64F28604278003DD2F5 = {
			isa = PBXGroup;
			children = (
				DE15E65A28604278003DD2F5 /* VoiceRecorder */,
				DE15E65928604278003DD2F5 /* Products */,
				37A9CB686FD1CAF89AE51F25 /* Pods */,
				FC1D16D6A7192AF592167F5A /* Frameworks */,
			);
			sourceTree = "<group>";
		};
		DE15E65928604278003DD2F5 /* Products */ = {
			isa = PBXGroup;
			children = (
				DE15E65828604278003DD2F5 /* VoiceRecorder.app */,
			);
			name = Products;
			sourceTree = "<group>";
		};
		DE15E65A28604278003DD2F5 /* VoiceRecorder */ = {
			isa = PBXGroup;
			children = (
				B754577F286AC20600EFCDA2 /* Protocol */,
				B7E274952869B9CC00FBB977 /* Util */,
				B7E8082B2869746B005E35BC /* Source */,
				12E1549128697D4800F7EA19 /* Model */,
				12E1549328697D6C00F7EA19 /* View */,
				12E1549228697D6500F7EA19 /* Controller */,
				DE15E65D28604278003DD2F5 /* SceneDelegate.swift */,
				DE15E65B28604278003DD2F5 /* AppDelegate.swift */,
				DE15E66428604279003DD2F5 /* Assets.xcassets */,
				DE15E66628604279003DD2F5 /* LaunchScreen.storyboard */,
				B78E6BF2286DBCB1005AC140 /* GoogleService-Info.plist */,
				1201D724286989B8005F046B /* Info.plist */,
			);
			path = VoiceRecorder;
			sourceTree = "<group>";
		};
		FC1D16D6A7192AF592167F5A /* Frameworks */ = {
			isa = PBXGroup;
			children = (
				E9BFC1627DF83D91CB89EB12 /* Pods_VoiceRecorder.framework */,
			);
			name = Frameworks;
			sourceTree = "<group>";
		};
/* End PBXGroup section */

/* Begin PBXNativeTarget section */
		DE15E65728604278003DD2F5 /* VoiceRecorder */ = {
			isa = PBXNativeTarget;
			buildConfigurationList = DE15E66C28604279003DD2F5 /* Build configuration list for PBXNativeTarget "VoiceRecorder" */;
			buildPhases = (
				7D678D6911B4CB817784DA27 /* [CP] Check Pods Manifest.lock */,
				DE15E65428604278003DD2F5 /* Sources */,
				DE15E65528604278003DD2F5 /* Frameworks */,
				DE15E65628604278003DD2F5 /* Resources */,
				0C044CD527F92BF5354BCF83 /* [CP] Embed Pods Frameworks */,
			);
			buildRules = (
			);
			dependencies = (
			);
			name = VoiceRecorder;
			productName = SNPLab;
			productReference = DE15E65828604278003DD2F5 /* VoiceRecorder.app */;
			productType = "com.apple.product-type.application";
		};
/* End PBXNativeTarget section */

/* Begin PBXProject section */
		DE15E65028604278003DD2F5 /* Project object */ = {
			isa = PBXProject;
			attributes = {
				BuildIndependentTargetsInParallel = 1;
				LastSwiftUpdateCheck = 1340;
				LastUpgradeCheck = 1340;
				TargetAttributes = {
					DE15E65728604278003DD2F5 = {
						CreatedOnToolsVersion = 13.4.1;
					};
				};
			};
			buildConfigurationList = DE15E65328604278003DD2F5 /* Build configuration list for PBXProject "VoiceRecorder" */;
			compatibilityVersion = "Xcode 13.0";
			developmentRegion = en;
			hasScannedForEncodings = 0;
			knownRegions = (
				en,
				Base,
			);
			mainGroup = DE15E64F28604278003DD2F5;
			productRefGroup = DE15E65928604278003DD2F5 /* Products */;
			projectDirPath = "";
			projectRoot = "";
			targets = (
				DE15E65728604278003DD2F5 /* VoiceRecorder */,
			);
		};
/* End PBXProject section */

/* Begin PBXResourcesBuildPhase section */
		DE15E65628604278003DD2F5 /* Resources */ = {
			isa = PBXResourcesBuildPhase;
			buildActionMask = 2147483647;
			files = (
				DE15E66828604279003DD2F5 /* LaunchScreen.storyboard in Resources */,
				B78E6BF3286DBCB1005AC140 /* GoogleService-Info.plist in Resources */,
				DE15E66528604279003DD2F5 /* Assets.xcassets in Resources */,
				DE15E66328604278003DD2F5 /* Main.storyboard in Resources */,
			);
			runOnlyForDeploymentPostprocessing = 0;
		};
/* End PBXResourcesBuildPhase section */

/* Begin PBXShellScriptBuildPhase section */
		0C044CD527F92BF5354BCF83 /* [CP] Embed Pods Frameworks */ = {
			isa = PBXShellScriptBuildPhase;
			buildActionMask = 2147483647;
			files = (
			);
			inputFileListPaths = (
				"${PODS_ROOT}/Target Support Files/Pods-VoiceRecorder/Pods-VoiceRecorder-frameworks-${CONFIGURATION}-input-files.xcfilelist",
			);
			name = "[CP] Embed Pods Frameworks";
			outputFileListPaths = (
				"${PODS_ROOT}/Target Support Files/Pods-VoiceRecorder/Pods-VoiceRecorder-frameworks-${CONFIGURATION}-output-files.xcfilelist",
			);
			runOnlyForDeploymentPostprocessing = 0;
			shellPath = /bin/sh;
			shellScript = "\"${PODS_ROOT}/Target Support Files/Pods-VoiceRecorder/Pods-VoiceRecorder-frameworks.sh\"\n";
			showEnvVarsInLog = 0;
		};
		7D678D6911B4CB817784DA27 /* [CP] Check Pods Manifest.lock */ = {
			isa = PBXShellScriptBuildPhase;
			buildActionMask = 2147483647;
			files = (
			);
			inputFileListPaths = (
			);
			inputPaths = (
				"${PODS_PODFILE_DIR_PATH}/Podfile.lock",
				"${PODS_ROOT}/Manifest.lock",
			);
			name = "[CP] Check Pods Manifest.lock";
			outputFileListPaths = (
			);
			outputPaths = (
				"$(DERIVED_FILE_DIR)/Pods-VoiceRecorder-checkManifestLockResult.txt",
			);
			runOnlyForDeploymentPostprocessing = 0;
			shellPath = /bin/sh;
			shellScript = "diff \"${PODS_PODFILE_DIR_PATH}/Podfile.lock\" \"${PODS_ROOT}/Manifest.lock\" > /dev/null\nif [ $? != 0 ] ; then\n    # print error to STDERR\n    echo \"error: The sandbox is not in sync with the Podfile.lock. Run 'pod install' or update your CocoaPods installation.\" >&2\n    exit 1\nfi\n# This output is used by Xcode 'outputs' to avoid re-running this script phase.\necho \"SUCCESS\" > \"${SCRIPT_OUTPUT_FILE_0}\"\n";
			showEnvVarsInLog = 0;
		};
/* End PBXShellScriptBuildPhase section */

/* Begin PBXSourcesBuildPhase section */
		DE15E65428604278003DD2F5 /* Sources */ = {
			isa = PBXSourcesBuildPhase;
			buildActionMask = 2147483647;
			files = (
				DE15E66028604278003DD2F5 /* VoiceMemoListViewController.swift in Sources */,
				B78E6BE9286D4B53005AC140 /* LocalFileProtocol.swift in Sources */,
				B78E6BED286D531F005AC140 /* TimerProtocol.swift in Sources */,
				B78E6BF1286DA02D005AC140 /* GetFileMetaData.swift in Sources */,
				DE15E65C28604278003DD2F5 /* AppDelegate.swift in Sources */,
				B7E8082D286974C9005E35BC /* RecordFileCell.swift in Sources */,
				B7545789286AE35800EFCDA2 /* DeleteRecordfile.swift in Sources */,
				12BCEDC0286D3AB3006C1783 /* UIViewExtension.swift in Sources */,
				12BCEDB0286D25D1006C1783 /* RecordingViewController.swift in Sources */,
				B7202645286BEB2400466FBA /* GetFileList.swift in Sources */,
				B7545781286AC79800EFCDA2 /* FirebaseProtocol.swift in Sources */,
				12E1549028697D4400F7EA19 /* RecordModel.swift in Sources */,
				12BCEDD8286DC9E3006C1783 /* AudioPlayerHandler.swift in Sources */,
				B7545787286AE34B00EFCDA2 /* DownloadRecordfile.swift in Sources */,
				B7545785286AE33D00EFCDA2 /* UploadRecordfile.swift in Sources */,
				B7E274972869BA0300FBB977 /* FirebaseStorage.swift in Sources */,
				DE15E65E28604278003DD2F5 /* SceneDelegate.swift in Sources */,
				12C09BC8286FF5E60032500D /* PlayingViewController.swift in Sources */,
				12BCEDC2286D3BEF006C1783 /* AudioRecorderHandler.swift in Sources */,
				12BCEDBA286D36D7006C1783 /* LocalFileHandler.swift in Sources */,
				B78E6BEF286D53EE005AC140 /* UpdateTimeInterval.swift in Sources */,
			);
			runOnlyForDeploymentPostprocessing = 0;
		};
/* End PBXSourcesBuildPhase section */

/* Begin PBXVariantGroup section */
		DE15E66128604278003DD2F5 /* Main.storyboard */ = {
			isa = PBXVariantGroup;
			children = (
				DE15E66228604278003DD2F5 /* Base */,
			);
			name = Main.storyboard;
			sourceTree = "<group>";
		};
		DE15E66628604279003DD2F5 /* LaunchScreen.storyboard */ = {
			isa = PBXVariantGroup;
			children = (
				DE15E66728604279003DD2F5 /* Base */,
			);
			name = LaunchScreen.storyboard;
			sourceTree = "<group>";
		};
/* End PBXVariantGroup section */

/* Begin XCBuildConfiguration section */
		DE15E66A28604279003DD2F5 /* Debug */ = {
			isa = XCBuildConfiguration;
			buildSettings = {
				ALWAYS_SEARCH_USER_PATHS = NO;
				CLANG_ANALYZER_NONNULL = YES;
				CLANG_ANALYZER_NUMBER_OBJECT_CONVERSION = YES_AGGRESSIVE;
				CLANG_CXX_LANGUAGE_STANDARD = "gnu++17";
				CLANG_ENABLE_MODULES = YES;
				CLANG_ENABLE_OBJC_ARC = YES;
				CLANG_ENABLE_OBJC_WEAK = YES;
				CLANG_WARN_BLOCK_CAPTURE_AUTORELEASING = YES;
				CLANG_WARN_BOOL_CONVERSION = YES;
				CLANG_WARN_COMMA = YES;
				CLANG_WARN_CONSTANT_CONVERSION = YES;
				CLANG_WARN_DEPRECATED_OBJC_IMPLEMENTATIONS = YES;
				CLANG_WARN_DIRECT_OBJC_ISA_USAGE = YES_ERROR;
				CLANG_WARN_DOCUMENTATION_COMMENTS = YES;
				CLANG_WARN_EMPTY_BODY = YES;
				CLANG_WARN_ENUM_CONVERSION = YES;
				CLANG_WARN_INFINITE_RECURSION = YES;
				CLANG_WARN_INT_CONVERSION = YES;
				CLANG_WARN_NON_LITERAL_NULL_CONVERSION = YES;
				CLANG_WARN_OBJC_IMPLICIT_RETAIN_SELF = YES;
				CLANG_WARN_OBJC_LITERAL_CONVERSION = YES;
				CLANG_WARN_OBJC_ROOT_CLASS = YES_ERROR;
				CLANG_WARN_QUOTED_INCLUDE_IN_FRAMEWORK_HEADER = YES;
				CLANG_WARN_RANGE_LOOP_ANALYSIS = YES;
				CLANG_WARN_STRICT_PROTOTYPES = YES;
				CLANG_WARN_SUSPICIOUS_MOVE = YES;
				CLANG_WARN_UNGUARDED_AVAILABILITY = YES_AGGRESSIVE;
				CLANG_WARN_UNREACHABLE_CODE = YES;
				CLANG_WARN__DUPLICATE_METHOD_MATCH = YES;
				COPY_PHASE_STRIP = NO;
				DEBUG_INFORMATION_FORMAT = dwarf;
				ENABLE_STRICT_OBJC_MSGSEND = YES;
				ENABLE_TESTABILITY = YES;
				GCC_C_LANGUAGE_STANDARD = gnu11;
				GCC_DYNAMIC_NO_PIC = NO;
				GCC_NO_COMMON_BLOCKS = YES;
				GCC_OPTIMIZATION_LEVEL = 0;
				GCC_PREPROCESSOR_DEFINITIONS = (
					"DEBUG=1",
					"$(inherited)",
				);
				GCC_WARN_64_TO_32_BIT_CONVERSION = YES;
				GCC_WARN_ABOUT_RETURN_TYPE = YES_ERROR;
				GCC_WARN_UNDECLARED_SELECTOR = YES;
				GCC_WARN_UNINITIALIZED_AUTOS = YES_AGGRESSIVE;
				GCC_WARN_UNUSED_FUNCTION = YES;
				GCC_WARN_UNUSED_VARIABLE = YES;
				IPHONEOS_DEPLOYMENT_TARGET = 15.0;
				MTL_ENABLE_DEBUG_INFO = INCLUDE_SOURCE;
				MTL_FAST_MATH = YES;
				ONLY_ACTIVE_ARCH = YES;
				SDKROOT = iphoneos;
				SWIFT_ACTIVE_COMPILATION_CONDITIONS = DEBUG;
				SWIFT_OPTIMIZATION_LEVEL = "-Onone";
			};
			name = Debug;
		};
		DE15E66B28604279003DD2F5 /* Release */ = {
			isa = XCBuildConfiguration;
			buildSettings = {
				ALWAYS_SEARCH_USER_PATHS = NO;
				CLANG_ANALYZER_NONNULL = YES;
				CLANG_ANALYZER_NUMBER_OBJECT_CONVERSION = YES_AGGRESSIVE;
				CLANG_CXX_LANGUAGE_STANDARD = "gnu++17";
				CLANG_ENABLE_MODULES = YES;
				CLANG_ENABLE_OBJC_ARC = YES;
				CLANG_ENABLE_OBJC_WEAK = YES;
				CLANG_WARN_BLOCK_CAPTURE_AUTORELEASING = YES;
				CLANG_WARN_BOOL_CONVERSION = YES;
				CLANG_WARN_COMMA = YES;
				CLANG_WARN_CONSTANT_CONVERSION = YES;
				CLANG_WARN_DEPRECATED_OBJC_IMPLEMENTATIONS = YES;
				CLANG_WARN_DIRECT_OBJC_ISA_USAGE = YES_ERROR;
				CLANG_WARN_DOCUMENTATION_COMMENTS = YES;
				CLANG_WARN_EMPTY_BODY = YES;
				CLANG_WARN_ENUM_CONVERSION = YES;
				CLANG_WARN_INFINITE_RECURSION = YES;
				CLANG_WARN_INT_CONVERSION = YES;
				CLANG_WARN_NON_LITERAL_NULL_CONVERSION = YES;
				CLANG_WARN_OBJC_IMPLICIT_RETAIN_SELF = YES;
				CLANG_WARN_OBJC_LITERAL_CONVERSION = YES;
				CLANG_WARN_OBJC_ROOT_CLASS = YES_ERROR;
				CLANG_WARN_QUOTED_INCLUDE_IN_FRAMEWORK_HEADER = YES;
				CLANG_WARN_RANGE_LOOP_ANALYSIS = YES;
				CLANG_WARN_STRICT_PROTOTYPES = YES;
				CLANG_WARN_SUSPICIOUS_MOVE = YES;
				CLANG_WARN_UNGUARDED_AVAILABILITY = YES_AGGRESSIVE;
				CLANG_WARN_UNREACHABLE_CODE = YES;
				CLANG_WARN__DUPLICATE_METHOD_MATCH = YES;
				COPY_PHASE_STRIP = NO;
				DEBUG_INFORMATION_FORMAT = "dwarf-with-dsym";
				ENABLE_NS_ASSERTIONS = NO;
				ENABLE_STRICT_OBJC_MSGSEND = YES;
				GCC_C_LANGUAGE_STANDARD = gnu11;
				GCC_NO_COMMON_BLOCKS = YES;
				GCC_WARN_64_TO_32_BIT_CONVERSION = YES;
				GCC_WARN_ABOUT_RETURN_TYPE = YES_ERROR;
				GCC_WARN_UNDECLARED_SELECTOR = YES;
				GCC_WARN_UNINITIALIZED_AUTOS = YES_AGGRESSIVE;
				GCC_WARN_UNUSED_FUNCTION = YES;
				GCC_WARN_UNUSED_VARIABLE = YES;
				IPHONEOS_DEPLOYMENT_TARGET = 15.0;
				MTL_ENABLE_DEBUG_INFO = NO;
				MTL_FAST_MATH = YES;
				SDKROOT = iphoneos;
				SWIFT_COMPILATION_MODE = wholemodule;
				SWIFT_OPTIMIZATION_LEVEL = "-O";
				VALIDATE_PRODUCT = YES;
			};
			name = Release;
		};
		DE15E66D28604279003DD2F5 /* Debug */ = {
			isa = XCBuildConfiguration;
			baseConfigurationReference = 73E59906131CF5BC431F5250 /* Pods-VoiceRecorder.debug.xcconfig */;
			buildSettings = {
				ASSETCATALOG_COMPILER_APPICON_NAME = AppIcon;
				ASSETCATALOG_COMPILER_GLOBAL_ACCENT_COLOR_NAME = AccentColor;
				CODE_SIGN_STYLE = Manual;
				CURRENT_PROJECT_VERSION = 1;
				DEVELOPMENT_TEAM = "";
				GENERATE_INFOPLIST_FILE = NO;
				INFOPLIST_FILE = VoiceRecorder/Info.plist;
				INFOPLIST_KEY_UIApplicationSupportsIndirectInputEvents = YES;
				INFOPLIST_KEY_UILaunchStoryboardName = LaunchScreen;
				INFOPLIST_KEY_UIMainStoryboardFile = Main;
				INFOPLIST_KEY_UISupportedInterfaceOrientations_iPad = "UIInterfaceOrientationPortrait UIInterfaceOrientationPortraitUpsideDown UIInterfaceOrientationLandscapeLeft UIInterfaceOrientationLandscapeRight";
				INFOPLIST_KEY_UISupportedInterfaceOrientations_iPhone = "UIInterfaceOrientationPortrait UIInterfaceOrientationLandscapeLeft UIInterfaceOrientationLandscapeRight";
				LD_RUNPATH_SEARCH_PATHS = (
					"$(inherited)",
					"@executable_path/Frameworks",
				);
				MARKETING_VERSION = 1.0;
				PRODUCT_BUNDLE_IDENTIFIER = net.yagom.VoiceRecorder;
				PRODUCT_NAME = "$(TARGET_NAME)";
				PROVISIONING_PROFILE_SPECIFIER = "";
				SWIFT_EMIT_LOC_STRINGS = YES;
				SWIFT_VERSION = 5.0;
				TARGETED_DEVICE_FAMILY = "1,2";
			};
			name = Debug;
		};
		DE15E66E28604279003DD2F5 /* Release */ = {
			isa = XCBuildConfiguration;
			baseConfigurationReference = B1A3C0E2C0AF20E02F5B9AD9 /* Pods-VoiceRecorder.release.xcconfig */;
			buildSettings = {
				ASSETCATALOG_COMPILER_APPICON_NAME = AppIcon;
				ASSETCATALOG_COMPILER_GLOBAL_ACCENT_COLOR_NAME = AccentColor;
				CODE_SIGN_STYLE = Manual;
				CURRENT_PROJECT_VERSION = 1;
				DEVELOPMENT_TEAM = "";
				GENERATE_INFOPLIST_FILE = NO;
				INFOPLIST_FILE = VoiceRecorder/Info.plist;
				INFOPLIST_KEY_UIApplicationSupportsIndirectInputEvents = YES;
				INFOPLIST_KEY_UILaunchStoryboardName = LaunchScreen;
				INFOPLIST_KEY_UIMainStoryboardFile = Main;
				INFOPLIST_KEY_UISupportedInterfaceOrientations_iPad = "UIInterfaceOrientationPortrait UIInterfaceOrientationPortraitUpsideDown UIInterfaceOrientationLandscapeLeft UIInterfaceOrientationLandscapeRight";
				INFOPLIST_KEY_UISupportedInterfaceOrientations_iPhone = "UIInterfaceOrientationPortrait UIInterfaceOrientationLandscapeLeft UIInterfaceOrientationLandscapeRight";
				LD_RUNPATH_SEARCH_PATHS = (
					"$(inherited)",
					"@executable_path/Frameworks",
				);
				MARKETING_VERSION = 1.0;
				PRODUCT_BUNDLE_IDENTIFIER = net.yagom.VoiceRecorder;
				PRODUCT_NAME = "$(TARGET_NAME)";
				PROVISIONING_PROFILE_SPECIFIER = "";
				SWIFT_EMIT_LOC_STRINGS = YES;
				SWIFT_VERSION = 5.0;
				TARGETED_DEVICE_FAMILY = "1,2";
			};
			name = Release;
		};
/* End XCBuildConfiguration section */

/* Begin XCConfigurationList section */
		DE15E65328604278003DD2F5 /* Build configuration list for PBXProject "VoiceRecorder" */ = {
			isa = XCConfigurationList;
			buildConfigurations = (
				DE15E66A28604279003DD2F5 /* Debug */,
				DE15E66B28604279003DD2F5 /* Release */,
			);
			defaultConfigurationIsVisible = 0;
			defaultConfigurationName = Release;
		};
		DE15E66C28604279003DD2F5 /* Build configuration list for PBXNativeTarget "VoiceRecorder" */ = {
			isa = XCConfigurationList;
			buildConfigurations = (
				DE15E66D28604279003DD2F5 /* Debug */,
				DE15E66E28604279003DD2F5 /* Release */,
			);
			defaultConfigurationIsVisible = 0;
			defaultConfigurationName = Release;
		};
/* End XCConfigurationList section */
	};
	rootObject = DE15E65028604278003DD2F5 /* Project object */;
}
