// !$*UTF8*$!
{
	archiveVersion = 1;
	classes = {
	};
	objectVersion = 55;
	objects = {

/* Begin PBXBuildFile section */
		04FF9394286BEEFB00EB34B6 /* RecordViewController.swift in Sources */ = {isa = PBXBuildFile; fileRef = 04FF9393286BEEFB00EB34B6 /* RecordViewController.swift */; };
		04FF939D286C003500EB34B6 /* FrequencyView.swift in Sources */ = {isa = PBXBuildFile; fileRef = 04FF939C286C003500EB34B6 /* FrequencyView.swift */; };
		04FF939F286C004200EB34B6 /* CutoffFrequencyView.swift in Sources */ = {isa = PBXBuildFile; fileRef = 04FF939E286C004200EB34B6 /* CutoffFrequencyView.swift */; };
		04FF93A1286C004C00EB34B6 /* RecordControllerView.swift in Sources */ = {isa = PBXBuildFile; fileRef = 04FF93A0286C004C00EB34B6 /* RecordControllerView.swift */; };
		04FF93A4286C15AA00EB34B6 /* UIButton+.swift in Sources */ = {isa = PBXBuildFile; fileRef = 04FF93A3286C15AA00EB34B6 /* UIButton+.swift */; };
		04FF93A7286C270600EB34B6 /* RecordManager.swift in Sources */ = {isa = PBXBuildFile; fileRef = 04FF93A6286C270600EB34B6 /* RecordManager.swift */; };
		0D26B1222875393A00FE1B04 /* RecordViewModel.swift in Sources */ = {isa = PBXBuildFile; fileRef = 0D26B1212875393A00FE1B04 /* RecordViewModel.swift */; };
		0D26B1252875B1AB00FE1B04 /* RecordModel.swift in Sources */ = {isa = PBXBuildFile; fileRef = 0D26B1242875B1AB00FE1B04 /* RecordModel.swift */; };
		0D2E6BB2286BE0C5003D2EE1 /* PlayerViewController.swift in Sources */ = {isa = PBXBuildFile; fileRef = 0D2E6BB1286BE0C5003D2EE1 /* PlayerViewController.swift */; };
		0D2E6BB4286C21B3003D2EE1 /* PlayerManager.swift in Sources */ = {isa = PBXBuildFile; fileRef = 0D2E6BB3286C21B3003D2EE1 /* PlayerManager.swift */; };
		0D8172E5286D69140009E8AA /* FileData.swift in Sources */ = {isa = PBXBuildFile; fileRef = 0D8172E4286D69140009E8AA /* FileData.swift */; };
		0D8172E8286D6EE10009E8AA /* PlayerViewModel.swift in Sources */ = {isa = PBXBuildFile; fileRef = 0D8172E7286D6EE10009E8AA /* PlayerViewModel.swift */; };
		0D8172EA286D6F000009E8AA /* PlayerModel.swift in Sources */ = {isa = PBXBuildFile; fileRef = 0D8172E9286D6F000009E8AA /* PlayerModel.swift */; };
		0D8172EC286D71430009E8AA /* AVPlayer+.swift in Sources */ = {isa = PBXBuildFile; fileRef = 0D8172EB286D71430009E8AA /* AVPlayer+.swift */; };
		0D8172EE286D7A950009E8AA /* Data+.swift in Sources */ = {isa = PBXBuildFile; fileRef = 0D8172ED286D7A950009E8AA /* Data+.swift */; };
		0DCB66CA28704D3E00800B1C /* PitchControlView.swift in Sources */ = {isa = PBXBuildFile; fileRef = 0DCB66C928704D3E00800B1C /* PitchControlView.swift */; };
		0DCB66CC287050DE00800B1C /* VolumeControlView.swift in Sources */ = {isa = PBXBuildFile; fileRef = 0DCB66CB287050DE00800B1C /* VolumeControlView.swift */; };
		0DCB66CE287050F600800B1C /* PlayerButtonView.swift in Sources */ = {isa = PBXBuildFile; fileRef = 0DCB66CD287050F600800B1C /* PlayerButtonView.swift */; };
		0DD2E01928767F2100727315 /* SpeedControlView.swift in Sources */ = {isa = PBXBuildFile; fileRef = 0DD2E01828767F2100727315 /* SpeedControlView.swift */; };
		0DD2E01B2876808700727315 /* SpeedViewModel.swift in Sources */ = {isa = PBXBuildFile; fileRef = 0DD2E01A2876808700727315 /* SpeedViewModel.swift */; };
		0DFCD72F2872C13900F31EBA /* PitchViewModel.swift in Sources */ = {isa = PBXBuildFile; fileRef = 0DFCD72E2872C13900F31EBA /* PitchViewModel.swift */; };
		0DFCD7322872C15300F31EBA /* VolumeViewModel.swift in Sources */ = {isa = PBXBuildFile; fileRef = 0DFCD7312872C15300F31EBA /* VolumeViewModel.swift */; };
		0DFCD7342872C1D300F31EBA /* PlayerButtonViewModel.swift in Sources */ = {isa = PBXBuildFile; fileRef = 0DFCD7332872C1D300F31EBA /* PlayerButtonViewModel.swift */; };
		DE15E65C28604278003DD2F5 /* AppDelegate.swift in Sources */ = {isa = PBXBuildFile; fileRef = DE15E65B28604278003DD2F5 /* AppDelegate.swift */; };
		DE15E65E28604278003DD2F5 /* SceneDelegate.swift in Sources */ = {isa = PBXBuildFile; fileRef = DE15E65D28604278003DD2F5 /* SceneDelegate.swift */; };
		DE15E66528604279003DD2F5 /* Assets.xcassets in Resources */ = {isa = PBXBuildFile; fileRef = DE15E66428604279003DD2F5 /* Assets.xcassets */; };
		DE15E66828604279003DD2F5 /* LaunchScreen.storyboard in Resources */ = {isa = PBXBuildFile; fileRef = DE15E66628604279003DD2F5 /* LaunchScreen.storyboard */; };
		FE178319287592BA00DEB555 /* FirebaseStorage in Frameworks */ = {isa = PBXBuildFile; productRef = FE178318287592BA00DEB555 /* FirebaseStorage */; };
		FE17831B287592D700DEB555 /* GoogleService-Info.plist in Resources */ = {isa = PBXBuildFile; fileRef = FE17831A287592D700DEB555 /* GoogleService-Info.plist */; };
		FE47347E28765D0500B753FB /* PlayControllerView.swift in Sources */ = {isa = PBXBuildFile; fileRef = FE47347D28765D0500B753FB /* PlayControllerView.swift */; };
		FE47348028765EF200B753FB /* PlayControllerViewModel.swift in Sources */ = {isa = PBXBuildFile; fileRef = FE47347F28765EF200B753FB /* PlayControllerViewModel.swift */; };
		FE4734822876605D00B753FB /* RecordControllerViewModel.swift in Sources */ = {isa = PBXBuildFile; fileRef = FE4734812876605D00B753FB /* RecordControllerViewModel.swift */; };
		FE473484287661BC00B753FB /* RecordControllerDelegate.swift in Sources */ = {isa = PBXBuildFile; fileRef = FE473483287661BC00B753FB /* RecordControllerDelegate.swift */; };
		FE47348628768E8D00B753FB /* RecordListSortBar.swift in Sources */ = {isa = PBXBuildFile; fileRef = FE47348528768E8D00B753FB /* RecordListSortBar.swift */; };
		FE4734882876906F00B753FB /* RecordListSortBarDelegate.swift in Sources */ = {isa = PBXBuildFile; fileRef = FE4734872876906F00B753FB /* RecordListSortBarDelegate.swift */; };
		FE47348A287690C900B753FB /* RecordListSortState.swift in Sources */ = {isa = PBXBuildFile; fileRef = FE473489287690C900B753FB /* RecordListSortState.swift */; };
		FE47348C28769ECF00B753FB /* YagomColor.swift in Sources */ = {isa = PBXBuildFile; fileRef = FE47348B28769ECF00B753FB /* YagomColor.swift */; };
		FE7A188A2872D182003CC843 /* UIView+.swift in Sources */ = {isa = PBXBuildFile; fileRef = FE7A18892872D182003CC843 /* UIView+.swift */; };
		FE7A18972873319F003CC843 /* CustomNetworkError.swift in Sources */ = {isa = PBXBuildFile; fileRef = FE7A18962873319F003CC843 /* CustomNetworkError.swift */; };
		FEA5330C286C3D48002E1169 /* CustomNavigationController.swift in Sources */ = {isa = PBXBuildFile; fileRef = FEA5330B286C3D48002E1169 /* CustomNavigationController.swift */; };
		FEA53310286C3DC8002E1169 /* Config.swift in Sources */ = {isa = PBXBuildFile; fileRef = FEA5330F286C3DC8002E1169 /* Config.swift */; };
		FEEC697C286C3AB0002E020F /* RecordListViewController.swift in Sources */ = {isa = PBXBuildFile; fileRef = FEEC697B286C3AB0002E020F /* RecordListViewController.swift */; };
		FEEC697E286C3ACF002E020F /* RecordListViewModel.swift in Sources */ = {isa = PBXBuildFile; fileRef = FEEC697D286C3ACF002E020F /* RecordListViewModel.swift */; };
		FEEC6981286C3AEE002E020F /* RecordListCell.swift in Sources */ = {isa = PBXBuildFile; fileRef = FEEC6980286C3AEE002E020F /* RecordListCell.swift */; };
		FEEC6984286C3B2D002E020F /* RecordNetworkManager.swift in Sources */ = {isa = PBXBuildFile; fileRef = FEEC6983286C3B2D002E020F /* RecordNetworkManager.swift */; };
		FEFCE0902870549F00200AF1 /* RecordListUserDefaults.swift in Sources */ = {isa = PBXBuildFile; fileRef = FEFCE08F2870549F00200AF1 /* RecordListUserDefaults.swift */; };
/* End PBXBuildFile section */

/* Begin PBXFileReference section */
		04FF9393286BEEFB00EB34B6 /* RecordViewController.swift */ = {isa = PBXFileReference; lastKnownFileType = sourcecode.swift; path = RecordViewController.swift; sourceTree = "<group>"; };
		04FF939C286C003500EB34B6 /* FrequencyView.swift */ = {isa = PBXFileReference; lastKnownFileType = sourcecode.swift; path = FrequencyView.swift; sourceTree = "<group>"; };
		04FF939E286C004200EB34B6 /* CutoffFrequencyView.swift */ = {isa = PBXFileReference; lastKnownFileType = sourcecode.swift; path = CutoffFrequencyView.swift; sourceTree = "<group>"; };
		04FF93A0286C004C00EB34B6 /* RecordControllerView.swift */ = {isa = PBXFileReference; lastKnownFileType = sourcecode.swift; path = RecordControllerView.swift; sourceTree = "<group>"; };
		04FF93A3286C15AA00EB34B6 /* UIButton+.swift */ = {isa = PBXFileReference; lastKnownFileType = sourcecode.swift; path = "UIButton+.swift"; sourceTree = "<group>"; };
		04FF93A6286C270600EB34B6 /* RecordManager.swift */ = {isa = PBXFileReference; lastKnownFileType = sourcecode.swift; path = RecordManager.swift; sourceTree = "<group>"; };
		0D26B1212875393A00FE1B04 /* RecordViewModel.swift */ = {isa = PBXFileReference; lastKnownFileType = sourcecode.swift; path = RecordViewModel.swift; sourceTree = "<group>"; };
		0D26B1242875B1AB00FE1B04 /* RecordModel.swift */ = {isa = PBXFileReference; lastKnownFileType = sourcecode.swift; path = RecordModel.swift; sourceTree = "<group>"; };
		0D2E6BB1286BE0C5003D2EE1 /* PlayerViewController.swift */ = {isa = PBXFileReference; lastKnownFileType = sourcecode.swift; path = PlayerViewController.swift; sourceTree = "<group>"; };
		0D2E6BB3286C21B3003D2EE1 /* PlayerManager.swift */ = {isa = PBXFileReference; lastKnownFileType = sourcecode.swift; path = PlayerManager.swift; sourceTree = "<group>"; };
		0D8172E4286D69140009E8AA /* FileData.swift */ = {isa = PBXFileReference; lastKnownFileType = sourcecode.swift; path = FileData.swift; sourceTree = "<group>"; };
		0D8172E7286D6EE10009E8AA /* PlayerViewModel.swift */ = {isa = PBXFileReference; lastKnownFileType = sourcecode.swift; path = PlayerViewModel.swift; sourceTree = "<group>"; };
		0D8172E9286D6F000009E8AA /* PlayerModel.swift */ = {isa = PBXFileReference; lastKnownFileType = sourcecode.swift; path = PlayerModel.swift; sourceTree = "<group>"; };
		0D8172EB286D71430009E8AA /* AVPlayer+.swift */ = {isa = PBXFileReference; lastKnownFileType = sourcecode.swift; path = "AVPlayer+.swift"; sourceTree = "<group>"; };
		0D8172ED286D7A950009E8AA /* Data+.swift */ = {isa = PBXFileReference; lastKnownFileType = sourcecode.swift; path = "Data+.swift"; sourceTree = "<group>"; };
		0DCB66C928704D3E00800B1C /* PitchControlView.swift */ = {isa = PBXFileReference; lastKnownFileType = sourcecode.swift; path = PitchControlView.swift; sourceTree = "<group>"; };
		0DCB66CB287050DE00800B1C /* VolumeControlView.swift */ = {isa = PBXFileReference; lastKnownFileType = sourcecode.swift; path = VolumeControlView.swift; sourceTree = "<group>"; };
		0DCB66CD287050F600800B1C /* PlayerButtonView.swift */ = {isa = PBXFileReference; lastKnownFileType = sourcecode.swift; path = PlayerButtonView.swift; sourceTree = "<group>"; };
		0DD2E01828767F2100727315 /* SpeedControlView.swift */ = {isa = PBXFileReference; lastKnownFileType = sourcecode.swift; path = SpeedControlView.swift; sourceTree = "<group>"; };
		0DD2E01A2876808700727315 /* SpeedViewModel.swift */ = {isa = PBXFileReference; lastKnownFileType = sourcecode.swift; path = SpeedViewModel.swift; sourceTree = "<group>"; };
		0DFCD72E2872C13900F31EBA /* PitchViewModel.swift */ = {isa = PBXFileReference; lastKnownFileType = sourcecode.swift; path = PitchViewModel.swift; sourceTree = "<group>"; };
		0DFCD7312872C15300F31EBA /* VolumeViewModel.swift */ = {isa = PBXFileReference; lastKnownFileType = sourcecode.swift; path = VolumeViewModel.swift; sourceTree = "<group>"; };
		0DFCD7332872C1D300F31EBA /* PlayerButtonViewModel.swift */ = {isa = PBXFileReference; lastKnownFileType = sourcecode.swift; path = PlayerButtonViewModel.swift; sourceTree = "<group>"; };
		DE15E65828604278003DD2F5 /* VoiceRecorder.app */ = {isa = PBXFileReference; explicitFileType = wrapper.application; includeInIndex = 0; path = VoiceRecorder.app; sourceTree = BUILT_PRODUCTS_DIR; };
		DE15E65B28604278003DD2F5 /* AppDelegate.swift */ = {isa = PBXFileReference; lastKnownFileType = sourcecode.swift; path = AppDelegate.swift; sourceTree = "<group>"; };
		DE15E65D28604278003DD2F5 /* SceneDelegate.swift */ = {isa = PBXFileReference; lastKnownFileType = sourcecode.swift; path = SceneDelegate.swift; sourceTree = "<group>"; };
		DE15E66428604279003DD2F5 /* Assets.xcassets */ = {isa = PBXFileReference; lastKnownFileType = folder.assetcatalog; path = Assets.xcassets; sourceTree = "<group>"; };
		DE15E66728604279003DD2F5 /* Base */ = {isa = PBXFileReference; lastKnownFileType = file.storyboard; name = Base; path = Base.lproj/LaunchScreen.storyboard; sourceTree = "<group>"; };
		DE15E66928604279003DD2F5 /* Info.plist */ = {isa = PBXFileReference; lastKnownFileType = text.plist.xml; path = Info.plist; sourceTree = "<group>"; };
		FE17831A287592D700DEB555 /* GoogleService-Info.plist */ = {isa = PBXFileReference; fileEncoding = 4; lastKnownFileType = text.plist.xml; path = "GoogleService-Info.plist"; sourceTree = "<group>"; };
		FE47347D28765D0500B753FB /* PlayControllerView.swift */ = {isa = PBXFileReference; lastKnownFileType = sourcecode.swift; path = PlayControllerView.swift; sourceTree = "<group>"; };
		FE47347F28765EF200B753FB /* PlayControllerViewModel.swift */ = {isa = PBXFileReference; lastKnownFileType = sourcecode.swift; path = PlayControllerViewModel.swift; sourceTree = "<group>"; };
		FE4734812876605D00B753FB /* RecordControllerViewModel.swift */ = {isa = PBXFileReference; lastKnownFileType = sourcecode.swift; path = RecordControllerViewModel.swift; sourceTree = "<group>"; };
		FE473483287661BC00B753FB /* RecordControllerDelegate.swift */ = {isa = PBXFileReference; lastKnownFileType = sourcecode.swift; path = RecordControllerDelegate.swift; sourceTree = "<group>"; };
		FE47348528768E8D00B753FB /* RecordListSortBar.swift */ = {isa = PBXFileReference; lastKnownFileType = sourcecode.swift; path = RecordListSortBar.swift; sourceTree = "<group>"; };
		FE4734872876906F00B753FB /* RecordListSortBarDelegate.swift */ = {isa = PBXFileReference; lastKnownFileType = sourcecode.swift; path = RecordListSortBarDelegate.swift; sourceTree = "<group>"; };
		FE473489287690C900B753FB /* RecordListSortState.swift */ = {isa = PBXFileReference; lastKnownFileType = sourcecode.swift; path = RecordListSortState.swift; sourceTree = "<group>"; };
		FE47348B28769ECF00B753FB /* YagomColor.swift */ = {isa = PBXFileReference; lastKnownFileType = sourcecode.swift; path = YagomColor.swift; sourceTree = "<group>"; };
		FE7A18892872D182003CC843 /* UIView+.swift */ = {isa = PBXFileReference; lastKnownFileType = sourcecode.swift; path = "UIView+.swift"; sourceTree = "<group>"; };
		FE7A18962873319F003CC843 /* CustomNetworkError.swift */ = {isa = PBXFileReference; lastKnownFileType = sourcecode.swift; path = CustomNetworkError.swift; sourceTree = "<group>"; };
		FEA5330B286C3D48002E1169 /* CustomNavigationController.swift */ = {isa = PBXFileReference; lastKnownFileType = sourcecode.swift; path = CustomNavigationController.swift; sourceTree = "<group>"; };
		FEA5330F286C3DC8002E1169 /* Config.swift */ = {isa = PBXFileReference; lastKnownFileType = sourcecode.swift; path = Config.swift; sourceTree = "<group>"; };
		FEEC697B286C3AB0002E020F /* RecordListViewController.swift */ = {isa = PBXFileReference; lastKnownFileType = sourcecode.swift; path = RecordListViewController.swift; sourceTree = "<group>"; };
		FEEC697D286C3ACF002E020F /* RecordListViewModel.swift */ = {isa = PBXFileReference; lastKnownFileType = sourcecode.swift; path = RecordListViewModel.swift; sourceTree = "<group>"; };
		FEEC6980286C3AEE002E020F /* RecordListCell.swift */ = {isa = PBXFileReference; lastKnownFileType = sourcecode.swift; path = RecordListCell.swift; sourceTree = "<group>"; };
		FEEC6983286C3B2D002E020F /* RecordNetworkManager.swift */ = {isa = PBXFileReference; lastKnownFileType = sourcecode.swift; path = RecordNetworkManager.swift; sourceTree = "<group>"; };
		FEFCE08F2870549F00200AF1 /* RecordListUserDefaults.swift */ = {isa = PBXFileReference; lastKnownFileType = sourcecode.swift; path = RecordListUserDefaults.swift; sourceTree = "<group>"; };
/* End PBXFileReference section */

/* Begin PBXFrameworksBuildPhase section */
		DE15E65528604278003DD2F5 /* Frameworks */ = {
			isa = PBXFrameworksBuildPhase;
			buildActionMask = 2147483647;
			files = (
				FE178319287592BA00DEB555 /* FirebaseStorage in Frameworks */,
			);
			runOnlyForDeploymentPostprocessing = 0;
		};
/* End PBXFrameworksBuildPhase section */

/* Begin PBXGroup section */
		04FF93A2286C126700EB34B6 /* RecordPage */ = {
			isa = PBXGroup;
			children = (
				0D8172DF286D67F10009E8AA /* SubComponents */,
				04FF9393286BEEFB00EB34B6 /* RecordViewController.swift */,
				0D26B1212875393A00FE1B04 /* RecordViewModel.swift */,
				0D26B1242875B1AB00FE1B04 /* RecordModel.swift */,
			);
			path = RecordPage;
			sourceTree = "<group>";
		};
		04FF93A5286C15AF00EB34B6 /* Extension */ = {
			isa = PBXGroup;
			children = (
				04FF93A3286C15AA00EB34B6 /* UIButton+.swift */,
				FE7A18892872D182003CC843 /* UIView+.swift */,
				0D8172EB286D71430009E8AA /* AVPlayer+.swift */,
				0D8172ED286D7A950009E8AA /* Data+.swift */,
			);
			path = Extension;
			sourceTree = "<group>";
		};
		0D8172DD286D678D0009E8AA /* Scene */ = {
			isa = PBXGroup;
			children = (
				FEA5330B286C3D48002E1169 /* CustomNavigationController.swift */,
				0D8172E0286D68070009E8AA /* PlayerPage */,
				04FF93A2286C126700EB34B6 /* RecordPage */,
				0D8172DE286D67A50009E8AA /* RecordListPage */,
			);
			path = Scene;
			sourceTree = "<group>";
		};
		0D8172DE286D67A50009E8AA /* RecordListPage */ = {
			isa = PBXGroup;
			children = (
				FEEC697B286C3AB0002E020F /* RecordListViewController.swift */,
				FEEC697D286C3ACF002E020F /* RecordListViewModel.swift */,
				FEFCE08F2870549F00200AF1 /* RecordListUserDefaults.swift */,
				FEEC697F286C3AD8002E020F /* SubComponents */,
			);
			path = RecordListPage;
			sourceTree = "<group>";
		};
		0D8172DF286D67F10009E8AA /* SubComponents */ = {
			isa = PBXGroup;
			children = (
				04FF939C286C003500EB34B6 /* FrequencyView.swift */,
				04FF939E286C004200EB34B6 /* CutoffFrequencyView.swift */,
				04FF93A0286C004C00EB34B6 /* RecordControllerView.swift */,
				FE473483287661BC00B753FB /* RecordControllerDelegate.swift */,
				FE4734812876605D00B753FB /* RecordControllerViewModel.swift */,
				FE47347D28765D0500B753FB /* PlayControllerView.swift */,
				FE47347F28765EF200B753FB /* PlayControllerViewModel.swift */,
			);
			path = SubComponents;
			sourceTree = "<group>";
		};
		0D8172E0286D68070009E8AA /* PlayerPage */ = {
			isa = PBXGroup;
			children = (
				0DFCD72D2872C11A00F31EBA /* SubViewModels */,
				0D8172E6286D6AEB0009E8AA /* SubComponents */,
				0D2E6BB1286BE0C5003D2EE1 /* PlayerViewController.swift */,
				0D8172E7286D6EE10009E8AA /* PlayerViewModel.swift */,
				0D8172E9286D6F000009E8AA /* PlayerModel.swift */,
			);
			path = PlayerPage;
			sourceTree = "<group>";
		};
		0D8172E1286D68260009E8AA /* Entities */ = {
			isa = PBXGroup;
			children = (
				0D8172E4286D69140009E8AA /* FileData.swift */,
				FE7A18962873319F003CC843 /* CustomNetworkError.swift */,
				FE473489287690C900B753FB /* RecordListSortState.swift */,
			);
			path = Entities;
			sourceTree = "<group>";
		};
		0D8172E2286D68480009E8AA /* Manager */ = {
			isa = PBXGroup;
			children = (
				FEEC6983286C3B2D002E020F /* RecordNetworkManager.swift */,
				04FF93A6286C270600EB34B6 /* RecordManager.swift */,
				0D2E6BB3286C21B3003D2EE1 /* PlayerManager.swift */,
			);
			path = Manager;
			sourceTree = "<group>";
		};
		0D8172E6286D6AEB0009E8AA /* SubComponents */ = {
			isa = PBXGroup;
			children = (
				0DCB66C928704D3E00800B1C /* PitchControlView.swift */,
				0DCB66CB287050DE00800B1C /* VolumeControlView.swift */,
				0DCB66CD287050F600800B1C /* PlayerButtonView.swift */,
				0DD2E01828767F2100727315 /* SpeedControlView.swift */,
			);
			path = SubComponents;
			sourceTree = "<group>";
		};
		0DFCD72D2872C11A00F31EBA /* SubViewModels */ = {
			isa = PBXGroup;
			children = (
				0DFCD72E2872C13900F31EBA /* PitchViewModel.swift */,
				0DFCD7312872C15300F31EBA /* VolumeViewModel.swift */,
				0DFCD7332872C1D300F31EBA /* PlayerButtonViewModel.swift */,
				0DD2E01A2876808700727315 /* SpeedViewModel.swift */,
			);
			path = SubViewModels;
			sourceTree = "<group>";
		};
		DE15E64F28604278003DD2F5 = {
			isa = PBXGroup;
			children = (
				DE15E65A28604278003DD2F5 /* VoiceRecorder */,
				DE15E65928604278003DD2F5 /* Products */,
			);
			sourceTree = "<group>";
		};
		DE15E65928604278003DD2F5 /* Products */ = {
			isa = PBXGroup;
			children = (
				DE15E65828604278003DD2F5 /* VoiceRecorder.app */,
			);
			name = Products;
			sourceTree = "<group>";
		};
		DE15E65A28604278003DD2F5 /* VoiceRecorder */ = {
			isa = PBXGroup;
			children = (
				04FF93A5286C15AF00EB34B6 /* Extension */,
				FEA5330D286C3DA9002E1169 /* Config */,
				0D8172E2286D68480009E8AA /* Manager */,
				0D8172E1286D68260009E8AA /* Entities */,
				0D8172DD286D678D0009E8AA /* Scene */,
				DE15E65B28604278003DD2F5 /* AppDelegate.swift */,
				DE15E65D28604278003DD2F5 /* SceneDelegate.swift */,
				DE15E66428604279003DD2F5 /* Assets.xcassets */,
				DE15E66628604279003DD2F5 /* LaunchScreen.storyboard */,
				FE17831A287592D700DEB555 /* GoogleService-Info.plist */,
				DE15E66928604279003DD2F5 /* Info.plist */,
			);
			path = VoiceRecorder;
			sourceTree = "<group>";
		};
		FEA5330D286C3DA9002E1169 /* Config */ = {
			isa = PBXGroup;
			children = (
				FEA5330F286C3DC8002E1169 /* Config.swift */,
				FE47348B28769ECF00B753FB /* YagomColor.swift */,
			);
			path = Config;
			sourceTree = "<group>";
		};
		FEEC697F286C3AD8002E020F /* SubComponents */ = {
			isa = PBXGroup;
			children = (
				FEEC6980286C3AEE002E020F /* RecordListCell.swift */,
				FE47348528768E8D00B753FB /* RecordListSortBar.swift */,
				FE4734872876906F00B753FB /* RecordListSortBarDelegate.swift */,
			);
			path = SubComponents;
			sourceTree = "<group>";
		};
/* End PBXGroup section */

/* Begin PBXNativeTarget section */
		DE15E65728604278003DD2F5 /* VoiceRecorder */ = {
			isa = PBXNativeTarget;
			buildConfigurationList = DE15E66C28604279003DD2F5 /* Build configuration list for PBXNativeTarget "VoiceRecorder" */;
			buildPhases = (
				DE15E65428604278003DD2F5 /* Sources */,
				DE15E65528604278003DD2F5 /* Frameworks */,
				DE15E65628604278003DD2F5 /* Resources */,
			);
			buildRules = (
			);
			dependencies = (
			);
			name = VoiceRecorder;
			packageProductDependencies = (
				FE178318287592BA00DEB555 /* FirebaseStorage */,
			);
			productName = SNPLab;
			productReference = DE15E65828604278003DD2F5 /* VoiceRecorder.app */;
			productType = "com.apple.product-type.application";
		};
/* End PBXNativeTarget section */

/* Begin PBXProject section */
		DE15E65028604278003DD2F5 /* Project object */ = {
			isa = PBXProject;
			attributes = {
				BuildIndependentTargetsInParallel = 1;
				LastSwiftUpdateCheck = 1340;
				LastUpgradeCheck = 1340;
				TargetAttributes = {
					DE15E65728604278003DD2F5 = {
						CreatedOnToolsVersion = 13.4.1;
					};
				};
			};
			buildConfigurationList = DE15E65328604278003DD2F5 /* Build configuration list for PBXProject "VoiceRecorder" */;
			compatibilityVersion = "Xcode 13.0";
			developmentRegion = en;
			hasScannedForEncodings = 0;
			knownRegions = (
				en,
				Base,
			);
			mainGroup = DE15E64F28604278003DD2F5;
			packageReferences = (
				FE178317287592BA00DEB555 /* XCRemoteSwiftPackageReference "firebase-ios-sdk" */,
			);
			productRefGroup = DE15E65928604278003DD2F5 /* Products */;
			projectDirPath = "";
			projectRoot = "";
			targets = (
				DE15E65728604278003DD2F5 /* VoiceRecorder */,
			);
		};
/* End PBXProject section */

/* Begin PBXResourcesBuildPhase section */
		DE15E65628604278003DD2F5 /* Resources */ = {
			isa = PBXResourcesBuildPhase;
			buildActionMask = 2147483647;
			files = (
				DE15E66828604279003DD2F5 /* LaunchScreen.storyboard in Resources */,
				DE15E66528604279003DD2F5 /* Assets.xcassets in Resources */,
				FE17831B287592D700DEB555 /* GoogleService-Info.plist in Resources */,
			);
			runOnlyForDeploymentPostprocessing = 0;
		};
/* End PBXResourcesBuildPhase section */

/* Begin PBXSourcesBuildPhase section */
		DE15E65428604278003DD2F5 /* Sources */ = {
			isa = PBXSourcesBuildPhase;
			buildActionMask = 2147483647;
			files = (
				FE7A188A2872D182003CC843 /* UIView+.swift in Sources */,
				0DFCD7342872C1D300F31EBA /* PlayerButtonViewModel.swift in Sources */,
				04FF93A7286C270600EB34B6 /* RecordManager.swift in Sources */,
				FE4734882876906F00B753FB /* RecordListSortBarDelegate.swift in Sources */,
				0D8172EC286D71430009E8AA /* AVPlayer+.swift in Sources */,
				FE47348628768E8D00B753FB /* RecordListSortBar.swift in Sources */,
				0D2E6BB4286C21B3003D2EE1 /* PlayerManager.swift in Sources */,
				FE7A18972873319F003CC843 /* CustomNetworkError.swift in Sources */,
				FEEC6981286C3AEE002E020F /* RecordListCell.swift in Sources */,
				0DFCD72F2872C13900F31EBA /* PitchViewModel.swift in Sources */,
				FEEC697E286C3ACF002E020F /* RecordListViewModel.swift in Sources */,
				0DFCD7322872C15300F31EBA /* VolumeViewModel.swift in Sources */,
				0DCB66CA28704D3E00800B1C /* PitchControlView.swift in Sources */,
				FE473484287661BC00B753FB /* RecordControllerDelegate.swift in Sources */,
				FEA53310286C3DC8002E1169 /* Config.swift in Sources */,
				0D2E6BB2286BE0C5003D2EE1 /* PlayerViewController.swift in Sources */,
				DE15E65C28604278003DD2F5 /* AppDelegate.swift in Sources */,
				0DD2E01B2876808700727315 /* SpeedViewModel.swift in Sources */,
				04FF939F286C004200EB34B6 /* CutoffFrequencyView.swift in Sources */,
				0D26B1222875393A00FE1B04 /* RecordViewModel.swift in Sources */,
				0DCB66CC287050DE00800B1C /* VolumeControlView.swift in Sources */,
				0DCB66CE287050F600800B1C /* PlayerButtonView.swift in Sources */,
				0D8172EE286D7A950009E8AA /* Data+.swift in Sources */,
				04FF939D286C003500EB34B6 /* FrequencyView.swift in Sources */,
				0D8172E8286D6EE10009E8AA /* PlayerViewModel.swift in Sources */,
				04FF93A1286C004C00EB34B6 /* RecordControllerView.swift in Sources */,
				0D8172EA286D6F000009E8AA /* PlayerModel.swift in Sources */,
				04FF9394286BEEFB00EB34B6 /* RecordViewController.swift in Sources */,
				FE47347E28765D0500B753FB /* PlayControllerView.swift in Sources */,
				FE4734822876605D00B753FB /* RecordControllerViewModel.swift in Sources */,
				FE47348A287690C900B753FB /* RecordListSortState.swift in Sources */,
				0D8172E5286D69140009E8AA /* FileData.swift in Sources */,
				FE47348028765EF200B753FB /* PlayControllerViewModel.swift in Sources */,
				04FF93A4286C15AA00EB34B6 /* UIButton+.swift in Sources */,
				FEA5330C286C3D48002E1169 /* CustomNavigationController.swift in Sources */,
				FEFCE0902870549F00200AF1 /* RecordListUserDefaults.swift in Sources */,
				0D26B1252875B1AB00FE1B04 /* RecordModel.swift in Sources */,
				0DD2E01928767F2100727315 /* SpeedControlView.swift in Sources */,
				DE15E65E28604278003DD2F5 /* SceneDelegate.swift in Sources */,
				FEEC6984286C3B2D002E020F /* RecordNetworkManager.swift in Sources */,
				FEEC697C286C3AB0002E020F /* RecordListViewController.swift in Sources */,
				FE47348C28769ECF00B753FB /* YagomColor.swift in Sources */,
			);
			runOnlyForDeploymentPostprocessing = 0;
		};
/* End PBXSourcesBuildPhase section */

/* Begin PBXVariantGroup section */
		DE15E66628604279003DD2F5 /* LaunchScreen.storyboard */ = {
			isa = PBXVariantGroup;
			children = (
				DE15E66728604279003DD2F5 /* Base */,
			);
			name = LaunchScreen.storyboard;
			sourceTree = "<group>";
		};
/* End PBXVariantGroup section */

/* Begin XCBuildConfiguration section */
		DE15E66A28604279003DD2F5 /* Debug */ = {
			isa = XCBuildConfiguration;
			buildSettings = {
				ALWAYS_SEARCH_USER_PATHS = NO;
				CLANG_ANALYZER_NONNULL = YES;
				CLANG_ANALYZER_NUMBER_OBJECT_CONVERSION = YES_AGGRESSIVE;
				CLANG_CXX_LANGUAGE_STANDARD = "gnu++17";
				CLANG_ENABLE_MODULES = YES;
				CLANG_ENABLE_OBJC_ARC = YES;
				CLANG_ENABLE_OBJC_WEAK = YES;
				CLANG_WARN_BLOCK_CAPTURE_AUTORELEASING = YES;
				CLANG_WARN_BOOL_CONVERSION = YES;
				CLANG_WARN_COMMA = YES;
				CLANG_WARN_CONSTANT_CONVERSION = YES;
				CLANG_WARN_DEPRECATED_OBJC_IMPLEMENTATIONS = YES;
				CLANG_WARN_DIRECT_OBJC_ISA_USAGE = YES_ERROR;
				CLANG_WARN_DOCUMENTATION_COMMENTS = YES;
				CLANG_WARN_EMPTY_BODY = YES;
				CLANG_WARN_ENUM_CONVERSION = YES;
				CLANG_WARN_INFINITE_RECURSION = YES;
				CLANG_WARN_INT_CONVERSION = YES;
				CLANG_WARN_NON_LITERAL_NULL_CONVERSION = YES;
				CLANG_WARN_OBJC_IMPLICIT_RETAIN_SELF = YES;
				CLANG_WARN_OBJC_LITERAL_CONVERSION = YES;
				CLANG_WARN_OBJC_ROOT_CLASS = YES_ERROR;
				CLANG_WARN_QUOTED_INCLUDE_IN_FRAMEWORK_HEADER = YES;
				CLANG_WARN_RANGE_LOOP_ANALYSIS = YES;
				CLANG_WARN_STRICT_PROTOTYPES = YES;
				CLANG_WARN_SUSPICIOUS_MOVE = YES;
				CLANG_WARN_UNGUARDED_AVAILABILITY = YES_AGGRESSIVE;
				CLANG_WARN_UNREACHABLE_CODE = YES;
				CLANG_WARN__DUPLICATE_METHOD_MATCH = YES;
				COPY_PHASE_STRIP = NO;
				DEBUG_INFORMATION_FORMAT = dwarf;
				ENABLE_STRICT_OBJC_MSGSEND = YES;
				ENABLE_TESTABILITY = YES;
				GCC_C_LANGUAGE_STANDARD = gnu11;
				GCC_DYNAMIC_NO_PIC = NO;
				GCC_NO_COMMON_BLOCKS = YES;
				GCC_OPTIMIZATION_LEVEL = 0;
				GCC_PREPROCESSOR_DEFINITIONS = (
					"DEBUG=1",
					"$(inherited)",
				);
				GCC_WARN_64_TO_32_BIT_CONVERSION = YES;
				GCC_WARN_ABOUT_RETURN_TYPE = YES_ERROR;
				GCC_WARN_UNDECLARED_SELECTOR = YES;
				GCC_WARN_UNINITIALIZED_AUTOS = YES_AGGRESSIVE;
				GCC_WARN_UNUSED_FUNCTION = YES;
				GCC_WARN_UNUSED_VARIABLE = YES;
				IPHONEOS_DEPLOYMENT_TARGET = 15.0;
				MTL_ENABLE_DEBUG_INFO = INCLUDE_SOURCE;
				MTL_FAST_MATH = YES;
				ONLY_ACTIVE_ARCH = YES;
				SDKROOT = iphoneos;
				SWIFT_ACTIVE_COMPILATION_CONDITIONS = DEBUG;
				SWIFT_OPTIMIZATION_LEVEL = "-Onone";
			};
			name = Debug;
		};
		DE15E66B28604279003DD2F5 /* Release */ = {
			isa = XCBuildConfiguration;
			buildSettings = {
				ALWAYS_SEARCH_USER_PATHS = NO;
				CLANG_ANALYZER_NONNULL = YES;
				CLANG_ANALYZER_NUMBER_OBJECT_CONVERSION = YES_AGGRESSIVE;
				CLANG_CXX_LANGUAGE_STANDARD = "gnu++17";
				CLANG_ENABLE_MODULES = YES;
				CLANG_ENABLE_OBJC_ARC = YES;
				CLANG_ENABLE_OBJC_WEAK = YES;
				CLANG_WARN_BLOCK_CAPTURE_AUTORELEASING = YES;
				CLANG_WARN_BOOL_CONVERSION = YES;
				CLANG_WARN_COMMA = YES;
				CLANG_WARN_CONSTANT_CONVERSION = YES;
				CLANG_WARN_DEPRECATED_OBJC_IMPLEMENTATIONS = YES;
				CLANG_WARN_DIRECT_OBJC_ISA_USAGE = YES_ERROR;
				CLANG_WARN_DOCUMENTATION_COMMENTS = YES;
				CLANG_WARN_EMPTY_BODY = YES;
				CLANG_WARN_ENUM_CONVERSION = YES;
				CLANG_WARN_INFINITE_RECURSION = YES;
				CLANG_WARN_INT_CONVERSION = YES;
				CLANG_WARN_NON_LITERAL_NULL_CONVERSION = YES;
				CLANG_WARN_OBJC_IMPLICIT_RETAIN_SELF = YES;
				CLANG_WARN_OBJC_LITERAL_CONVERSION = YES;
				CLANG_WARN_OBJC_ROOT_CLASS = YES_ERROR;
				CLANG_WARN_QUOTED_INCLUDE_IN_FRAMEWORK_HEADER = YES;
				CLANG_WARN_RANGE_LOOP_ANALYSIS = YES;
				CLANG_WARN_STRICT_PROTOTYPES = YES;
				CLANG_WARN_SUSPICIOUS_MOVE = YES;
				CLANG_WARN_UNGUARDED_AVAILABILITY = YES_AGGRESSIVE;
				CLANG_WARN_UNREACHABLE_CODE = YES;
				CLANG_WARN__DUPLICATE_METHOD_MATCH = YES;
				COPY_PHASE_STRIP = NO;
				DEBUG_INFORMATION_FORMAT = "dwarf-with-dsym";
				ENABLE_NS_ASSERTIONS = NO;
				ENABLE_STRICT_OBJC_MSGSEND = YES;
				GCC_C_LANGUAGE_STANDARD = gnu11;
				GCC_NO_COMMON_BLOCKS = YES;
				GCC_WARN_64_TO_32_BIT_CONVERSION = YES;
				GCC_WARN_ABOUT_RETURN_TYPE = YES_ERROR;
				GCC_WARN_UNDECLARED_SELECTOR = YES;
				GCC_WARN_UNINITIALIZED_AUTOS = YES_AGGRESSIVE;
				GCC_WARN_UNUSED_FUNCTION = YES;
				GCC_WARN_UNUSED_VARIABLE = YES;
				IPHONEOS_DEPLOYMENT_TARGET = 15.0;
				MTL_ENABLE_DEBUG_INFO = NO;
				MTL_FAST_MATH = YES;
				SDKROOT = iphoneos;
				SWIFT_COMPILATION_MODE = wholemodule;
				SWIFT_OPTIMIZATION_LEVEL = "-O";
				VALIDATE_PRODUCT = YES;
			};
			name = Release;
		};
		DE15E66D28604279003DD2F5 /* Debug */ = {
			isa = XCBuildConfiguration;
			buildSettings = {
				ASSETCATALOG_COMPILER_APPICON_NAME = AppIcon;
				ASSETCATALOG_COMPILER_GLOBAL_ACCENT_COLOR_NAME = AccentColor;
				CODE_SIGN_STYLE = Automatic;
				CURRENT_PROJECT_VERSION = 1;
				DEVELOPMENT_TEAM = "";
				GENERATE_INFOPLIST_FILE = YES;
				INFOPLIST_FILE = VoiceRecorder/Info.plist;
				INFOPLIST_KEY_NSMicrophoneUsageDescription = "";
				INFOPLIST_KEY_UIApplicationSupportsIndirectInputEvents = YES;
				INFOPLIST_KEY_UILaunchStoryboardName = LaunchScreen;
				INFOPLIST_KEY_UISupportedInterfaceOrientations = UIInterfaceOrientationPortrait;
				INFOPLIST_KEY_UISupportedInterfaceOrientations_iPad = "UIInterfaceOrientationPortrait UIInterfaceOrientationPortraitUpsideDown UIInterfaceOrientationLandscapeLeft UIInterfaceOrientationLandscapeRight";
				INFOPLIST_KEY_UISupportedInterfaceOrientations_iPhone = "UIInterfaceOrientationPortrait UIInterfaceOrientationLandscapeLeft UIInterfaceOrientationLandscapeRight";
				LD_RUNPATH_SEARCH_PATHS = (
					"$(inherited)",
					"@executable_path/Frameworks",
				);
				MARKETING_VERSION = 1.0;
				PRODUCT_BUNDLE_IDENTIFIER = net.yagom.VoiceRecorder1;
				PRODUCT_NAME = "$(TARGET_NAME)";
				SWIFT_EMIT_LOC_STRINGS = YES;
				SWIFT_VERSION = 5.0;
				TARGETED_DEVICE_FAMILY = 1;
			};
			name = Debug;
		};
		DE15E66E28604279003DD2F5 /* Release */ = {
			isa = XCBuildConfiguration;
			buildSettings = {
				ASSETCATALOG_COMPILER_APPICON_NAME = AppIcon;
				ASSETCATALOG_COMPILER_GLOBAL_ACCENT_COLOR_NAME = AccentColor;
				CODE_SIGN_STYLE = Automatic;
				CURRENT_PROJECT_VERSION = 1;
				DEVELOPMENT_TEAM = "";
				GENERATE_INFOPLIST_FILE = YES;
				INFOPLIST_FILE = VoiceRecorder/Info.plist;
				INFOPLIST_KEY_NSMicrophoneUsageDescription = "";
				INFOPLIST_KEY_UIApplicationSupportsIndirectInputEvents = YES;
				INFOPLIST_KEY_UILaunchStoryboardName = LaunchScreen;
				INFOPLIST_KEY_UISupportedInterfaceOrientations = UIInterfaceOrientationPortrait;
				INFOPLIST_KEY_UISupportedInterfaceOrientations_iPad = "UIInterfaceOrientationPortrait UIInterfaceOrientationPortraitUpsideDown UIInterfaceOrientationLandscapeLeft UIInterfaceOrientationLandscapeRight";
				INFOPLIST_KEY_UISupportedInterfaceOrientations_iPhone = "UIInterfaceOrientationPortrait UIInterfaceOrientationLandscapeLeft UIInterfaceOrientationLandscapeRight";
				LD_RUNPATH_SEARCH_PATHS = (
					"$(inherited)",
					"@executable_path/Frameworks",
				);
				MARKETING_VERSION = 1.0;
				PRODUCT_BUNDLE_IDENTIFIER = net.yagom.VoiceRecorder1;
				PRODUCT_NAME = "$(TARGET_NAME)";
				SWIFT_EMIT_LOC_STRINGS = YES;
				SWIFT_VERSION = 5.0;
				TARGETED_DEVICE_FAMILY = 1;
			};
			name = Release;
		};
/* End XCBuildConfiguration section */

/* Begin XCConfigurationList section */
		DE15E65328604278003DD2F5 /* Build configuration list for PBXProject "VoiceRecorder" */ = {
			isa = XCConfigurationList;
			buildConfigurations = (
				DE15E66A28604279003DD2F5 /* Debug */,
				DE15E66B28604279003DD2F5 /* Release */,
			);
			defaultConfigurationIsVisible = 0;
			defaultConfigurationName = Release;
		};
		DE15E66C28604279003DD2F5 /* Build configuration list for PBXNativeTarget "VoiceRecorder" */ = {
			isa = XCConfigurationList;
			buildConfigurations = (
				DE15E66D28604279003DD2F5 /* Debug */,
				DE15E66E28604279003DD2F5 /* Release */,
			);
			defaultConfigurationIsVisible = 0;
			defaultConfigurationName = Release;
		};
/* End XCConfigurationList section */

/* Begin XCRemoteSwiftPackageReference section */
		FE178317287592BA00DEB555 /* XCRemoteSwiftPackageReference "firebase-ios-sdk" */ = {
			isa = XCRemoteSwiftPackageReference;
			repositoryURL = "https://github.com/firebase/firebase-ios-sdk";
			requirement = {
				branch = master;
				kind = branch;
			};
		};
/* End XCRemoteSwiftPackageReference section */

/* Begin XCSwiftPackageProductDependency section */
		FE178318287592BA00DEB555 /* FirebaseStorage */ = {
			isa = XCSwiftPackageProductDependency;
			package = FE178317287592BA00DEB555 /* XCRemoteSwiftPackageReference "firebase-ios-sdk" */;
			productName = FirebaseStorage;
		};
/* End XCSwiftPackageProductDependency section */
	};
	rootObject = DE15E65028604278003DD2F5 /* Project object */;
}
